
Microsoft Visual Studio Solution File, Format Version 12.00
# Visual Studio Version 16
VisualStudioVersion = 16.0.30804.86
MinimumVisualStudioVersion = 10.0.40219.1
Project("{9A19103F-16F7-4668-BE54-9A1E7A4F7556}") = "MSFSClubManager.Dal", "MSFSClubManager.Dal\MSFSClubManager.Dal.csproj", "{BDFBC508-8AB7-4D1E-AE18-88E2411EECEB}"
EndProject
Project("{9A19103F-16F7-4668-BE54-9A1E7A4F7556}") = "MSFSClubManager.Web", "MSFSClubManager.Web\MSFSClubManager.Web.csproj", "{814F8E2E-420C-4BD9-955A-88FCD9F6ACB5}"
EndProject
Project("{9A19103F-16F7-4668-BE54-9A1E7A4F7556}") = "MSFSClubManager.WebApi", "MSFSClubManager.WebApi\MSFSClubManager.WebApi.csproj", "{A10A73AB-CFC3-4088-B42B-4FBF65D943FF}"
EndProject
Project("{2150E333-8FDC-42A3-9474-1A3956D46DE8}") = "Solution Items", "Solution Items", "{5517CB62-7F09-4D7F-8AC4-A90A9DF6D82D}"
	ProjectSection(SolutionItems) = preProject
		Readme.MD = Readme.MD
	EndProjectSection
EndProject
Project("{2150E333-8FDC-42A3-9474-1A3956D46DE8}") = "Platforms", "Platforms", "{64378D90-7CD3-4C33-BBC0-D81162E8310C}"
EndProject
Project("{9A19103F-16F7-4668-BE54-9A1E7A4F7556}") = "MSFSClubManager.Tests", "MSFSClubManager.Tests\MSFSClubManager.Tests\MSFSClubManager.Tests.csproj", "{80FE57B6-5791-4F9A-ADB5-FF361FD50C93}"
EndProject
Project("{9A19103F-16F7-4668-BE54-9A1E7A4F7556}") = "MSFSClubManager.FL", "MSFSClubManager.FL\MSFSClubManager.FL.csproj", "{82A75BD5-8A0A-4B4A-B69B-E0E67C729983}"
EndProject
Project("{FAE04EC0-301F-11D3-BF4B-00C04F79EFBC}") = "MSFSClubManager.FileManager", "MSFSClubManager.FileManager\MSFSClubManager.FileManager\MSFSClubManager.FileManager.csproj", "{0CCBAFEF-9A83-4F75-9F90-70DBCDF0F653}"
EndProject
Project("{9A19103F-16F7-4668-BE54-9A1E7A4F7556}") = "MSFSClubManager.Models", "MSFSClubManager.Models\MSFSClubManager.Models.csproj", "{8EDEEDD6-D86A-4B6D-A9C3-E1B3F25DD09F}"
EndProject
Project("{9A19103F-16F7-4668-BE54-9A1E7A4F7556}") = "MSFSClubManager.BL", "MSFSClubManager.BL\MSFSClubManager.BL.csproj", "{1D63EEAC-202C-4986-A8C8-1276CE33DAF9}"
EndProject
Global
	GlobalSection(SolutionConfigurationPlatforms) = preSolution
		Ad-Hoc|Any CPU = Ad-Hoc|Any CPU
		Ad-Hoc|ARM = Ad-Hoc|ARM
		Ad-Hoc|ARM64 = Ad-Hoc|ARM64
		Ad-Hoc|iPhone = Ad-Hoc|iPhone
		Ad-Hoc|iPhoneSimulator = Ad-Hoc|iPhoneSimulator
		Ad-Hoc|x64 = Ad-Hoc|x64
		Ad-Hoc|x86 = Ad-Hoc|x86
		AppStore|Any CPU = AppStore|Any CPU
		AppStore|ARM = AppStore|ARM
		AppStore|ARM64 = AppStore|ARM64
		AppStore|iPhone = AppStore|iPhone
		AppStore|iPhoneSimulator = AppStore|iPhoneSimulator
		AppStore|x64 = AppStore|x64
		AppStore|x86 = AppStore|x86
		Debug|Any CPU = Debug|Any CPU
		Debug|ARM = Debug|ARM
		Debug|ARM64 = Debug|ARM64
		Debug|iPhone = Debug|iPhone
		Debug|iPhoneSimulator = Debug|iPhoneSimulator
		Debug|x64 = Debug|x64
		Debug|x86 = Debug|x86
		Release|Any CPU = Release|Any CPU
		Release|ARM = Release|ARM
		Release|ARM64 = Release|ARM64
		Release|iPhone = Release|iPhone
		Release|iPhoneSimulator = Release|iPhoneSimulator
		Release|x64 = Release|x64
		Release|x86 = Release|x86
	EndGlobalSection
	GlobalSection(ProjectConfigurationPlatforms) = postSolution
		{BDFBC508-8AB7-4D1E-AE18-88E2411EECEB}.Ad-Hoc|Any CPU.ActiveCfg = Release|Any CPU
		{BDFBC508-8AB7-4D1E-AE18-88E2411EECEB}.Ad-Hoc|Any CPU.Build.0 = Release|Any CPU
		{BDFBC508-8AB7-4D1E-AE18-88E2411EECEB}.Ad-Hoc|ARM.ActiveCfg = Release|Any CPU
		{BDFBC508-8AB7-4D1E-AE18-88E2411EECEB}.Ad-Hoc|ARM.Build.0 = Release|Any CPU
		{BDFBC508-8AB7-4D1E-AE18-88E2411EECEB}.Ad-Hoc|ARM64.ActiveCfg = Release|Any CPU
		{BDFBC508-8AB7-4D1E-AE18-88E2411EECEB}.Ad-Hoc|ARM64.Build.0 = Release|Any CPU
		{BDFBC508-8AB7-4D1E-AE18-88E2411EECEB}.Ad-Hoc|iPhone.ActiveCfg = Release|Any CPU
		{BDFBC508-8AB7-4D1E-AE18-88E2411EECEB}.Ad-Hoc|iPhone.Build.0 = Release|Any CPU
		{BDFBC508-8AB7-4D1E-AE18-88E2411EECEB}.Ad-Hoc|iPhoneSimulator.ActiveCfg = Release|Any CPU
		{BDFBC508-8AB7-4D1E-AE18-88E2411EECEB}.Ad-Hoc|iPhoneSimulator.Build.0 = Release|Any CPU
		{BDFBC508-8AB7-4D1E-AE18-88E2411EECEB}.Ad-Hoc|x64.ActiveCfg = Release|Any CPU
		{BDFBC508-8AB7-4D1E-AE18-88E2411EECEB}.Ad-Hoc|x64.Build.0 = Release|Any CPU
		{BDFBC508-8AB7-4D1E-AE18-88E2411EECEB}.Ad-Hoc|x86.ActiveCfg = Release|Any CPU
		{BDFBC508-8AB7-4D1E-AE18-88E2411EECEB}.Ad-Hoc|x86.Build.0 = Release|Any CPU
		{BDFBC508-8AB7-4D1E-AE18-88E2411EECEB}.AppStore|Any CPU.ActiveCfg = Release|Any CPU
		{BDFBC508-8AB7-4D1E-AE18-88E2411EECEB}.AppStore|Any CPU.Build.0 = Release|Any CPU
		{BDFBC508-8AB7-4D1E-AE18-88E2411EECEB}.AppStore|ARM.ActiveCfg = Release|Any CPU
		{BDFBC508-8AB7-4D1E-AE18-88E2411EECEB}.AppStore|ARM.Build.0 = Release|Any CPU
		{BDFBC508-8AB7-4D1E-AE18-88E2411EECEB}.AppStore|ARM64.ActiveCfg = Release|Any CPU
		{BDFBC508-8AB7-4D1E-AE18-88E2411EECEB}.AppStore|ARM64.Build.0 = Release|Any CPU
		{BDFBC508-8AB7-4D1E-AE18-88E2411EECEB}.AppStore|iPhone.ActiveCfg = Release|Any CPU
		{BDFBC508-8AB7-4D1E-AE18-88E2411EECEB}.AppStore|iPhone.Build.0 = Release|Any CPU
		{BDFBC508-8AB7-4D1E-AE18-88E2411EECEB}.AppStore|iPhoneSimulator.ActiveCfg = Release|Any CPU
		{BDFBC508-8AB7-4D1E-AE18-88E2411EECEB}.AppStore|iPhoneSimulator.Build.0 = Release|Any CPU
		{BDFBC508-8AB7-4D1E-AE18-88E2411EECEB}.AppStore|x64.ActiveCfg = Release|Any CPU
		{BDFBC508-8AB7-4D1E-AE18-88E2411EECEB}.AppStore|x64.Build.0 = Release|Any CPU
		{BDFBC508-8AB7-4D1E-AE18-88E2411EECEB}.AppStore|x86.ActiveCfg = Release|Any CPU
		{BDFBC508-8AB7-4D1E-AE18-88E2411EECEB}.AppStore|x86.Build.0 = Release|Any CPU
		{BDFBC508-8AB7-4D1E-AE18-88E2411EECEB}.Debug|Any CPU.ActiveCfg = Debug|Any CPU
		{BDFBC508-8AB7-4D1E-AE18-88E2411EECEB}.Debug|Any CPU.Build.0 = Debug|Any CPU
		{BDFBC508-8AB7-4D1E-AE18-88E2411EECEB}.Debug|ARM.ActiveCfg = Debug|Any CPU
		{BDFBC508-8AB7-4D1E-AE18-88E2411EECEB}.Debug|ARM.Build.0 = Debug|Any CPU
		{BDFBC508-8AB7-4D1E-AE18-88E2411EECEB}.Debug|ARM64.ActiveCfg = Debug|Any CPU
		{BDFBC508-8AB7-4D1E-AE18-88E2411EECEB}.Debug|ARM64.Build.0 = Debug|Any CPU
		{BDFBC508-8AB7-4D1E-AE18-88E2411EECEB}.Debug|iPhone.ActiveCfg = Debug|Any CPU
		{BDFBC508-8AB7-4D1E-AE18-88E2411EECEB}.Debug|iPhone.Build.0 = Debug|Any CPU
		{BDFBC508-8AB7-4D1E-AE18-88E2411EECEB}.Debug|iPhoneSimulator.ActiveCfg = Debug|Any CPU
		{BDFBC508-8AB7-4D1E-AE18-88E2411EECEB}.Debug|iPhoneSimulator.Build.0 = Debug|Any CPU
		{BDFBC508-8AB7-4D1E-AE18-88E2411EECEB}.Debug|x64.ActiveCfg = Debug|Any CPU
		{BDFBC508-8AB7-4D1E-AE18-88E2411EECEB}.Debug|x64.Build.0 = Debug|Any CPU
		{BDFBC508-8AB7-4D1E-AE18-88E2411EECEB}.Debug|x86.ActiveCfg = Debug|Any CPU
		{BDFBC508-8AB7-4D1E-AE18-88E2411EECEB}.Debug|x86.Build.0 = Debug|Any CPU
		{BDFBC508-8AB7-4D1E-AE18-88E2411EECEB}.Release|Any CPU.ActiveCfg = Release|Any CPU
		{BDFBC508-8AB7-4D1E-AE18-88E2411EECEB}.Release|Any CPU.Build.0 = Release|Any CPU
		{BDFBC508-8AB7-4D1E-AE18-88E2411EECEB}.Release|ARM.ActiveCfg = Release|Any CPU
		{BDFBC508-8AB7-4D1E-AE18-88E2411EECEB}.Release|ARM.Build.0 = Release|Any CPU
		{BDFBC508-8AB7-4D1E-AE18-88E2411EECEB}.Release|ARM64.ActiveCfg = Release|Any CPU
		{BDFBC508-8AB7-4D1E-AE18-88E2411EECEB}.Release|ARM64.Build.0 = Release|Any CPU
		{BDFBC508-8AB7-4D1E-AE18-88E2411EECEB}.Release|iPhone.ActiveCfg = Release|Any CPU
		{BDFBC508-8AB7-4D1E-AE18-88E2411EECEB}.Release|iPhone.Build.0 = Release|Any CPU
		{BDFBC508-8AB7-4D1E-AE18-88E2411EECEB}.Release|iPhoneSimulator.ActiveCfg = Release|Any CPU
		{BDFBC508-8AB7-4D1E-AE18-88E2411EECEB}.Release|iPhoneSimulator.Build.0 = Release|Any CPU
		{BDFBC508-8AB7-4D1E-AE18-88E2411EECEB}.Release|x64.ActiveCfg = Release|Any CPU
		{BDFBC508-8AB7-4D1E-AE18-88E2411EECEB}.Release|x64.Build.0 = Release|Any CPU
		{BDFBC508-8AB7-4D1E-AE18-88E2411EECEB}.Release|x86.ActiveCfg = Release|Any CPU
		{BDFBC508-8AB7-4D1E-AE18-88E2411EECEB}.Release|x86.Build.0 = Release|Any CPU
		{814F8E2E-420C-4BD9-955A-88FCD9F6ACB5}.Ad-Hoc|Any CPU.ActiveCfg = Release|Any CPU
		{814F8E2E-420C-4BD9-955A-88FCD9F6ACB5}.Ad-Hoc|Any CPU.Build.0 = Release|Any CPU
		{814F8E2E-420C-4BD9-955A-88FCD9F6ACB5}.Ad-Hoc|ARM.ActiveCfg = Release|Any CPU
		{814F8E2E-420C-4BD9-955A-88FCD9F6ACB5}.Ad-Hoc|ARM.Build.0 = Release|Any CPU
		{814F8E2E-420C-4BD9-955A-88FCD9F6ACB5}.Ad-Hoc|ARM64.ActiveCfg = Release|Any CPU
		{814F8E2E-420C-4BD9-955A-88FCD9F6ACB5}.Ad-Hoc|ARM64.Build.0 = Release|Any CPU
		{814F8E2E-420C-4BD9-955A-88FCD9F6ACB5}.Ad-Hoc|iPhone.ActiveCfg = Release|Any CPU
		{814F8E2E-420C-4BD9-955A-88FCD9F6ACB5}.Ad-Hoc|iPhone.Build.0 = Release|Any CPU
		{814F8E2E-420C-4BD9-955A-88FCD9F6ACB5}.Ad-Hoc|iPhoneSimulator.ActiveCfg = Release|Any CPU
		{814F8E2E-420C-4BD9-955A-88FCD9F6ACB5}.Ad-Hoc|iPhoneSimulator.Build.0 = Release|Any CPU
		{814F8E2E-420C-4BD9-955A-88FCD9F6ACB5}.Ad-Hoc|x64.ActiveCfg = Release|Any CPU
		{814F8E2E-420C-4BD9-955A-88FCD9F6ACB5}.Ad-Hoc|x64.Build.0 = Release|Any CPU
		{814F8E2E-420C-4BD9-955A-88FCD9F6ACB5}.Ad-Hoc|x86.ActiveCfg = Release|Any CPU
		{814F8E2E-420C-4BD9-955A-88FCD9F6ACB5}.Ad-Hoc|x86.Build.0 = Release|Any CPU
		{814F8E2E-420C-4BD9-955A-88FCD9F6ACB5}.AppStore|Any CPU.ActiveCfg = Release|Any CPU
		{814F8E2E-420C-4BD9-955A-88FCD9F6ACB5}.AppStore|Any CPU.Build.0 = Release|Any CPU
		{814F8E2E-420C-4BD9-955A-88FCD9F6ACB5}.AppStore|ARM.ActiveCfg = Release|Any CPU
		{814F8E2E-420C-4BD9-955A-88FCD9F6ACB5}.AppStore|ARM.Build.0 = Release|Any CPU
		{814F8E2E-420C-4BD9-955A-88FCD9F6ACB5}.AppStore|ARM64.ActiveCfg = Release|Any CPU
		{814F8E2E-420C-4BD9-955A-88FCD9F6ACB5}.AppStore|ARM64.Build.0 = Release|Any CPU
		{814F8E2E-420C-4BD9-955A-88FCD9F6ACB5}.AppStore|iPhone.ActiveCfg = Release|Any CPU
		{814F8E2E-420C-4BD9-955A-88FCD9F6ACB5}.AppStore|iPhone.Build.0 = Release|Any CPU
		{814F8E2E-420C-4BD9-955A-88FCD9F6ACB5}.AppStore|iPhoneSimulator.ActiveCfg = Release|Any CPU
		{814F8E2E-420C-4BD9-955A-88FCD9F6ACB5}.AppStore|iPhoneSimulator.Build.0 = Release|Any CPU
		{814F8E2E-420C-4BD9-955A-88FCD9F6ACB5}.AppStore|x64.ActiveCfg = Release|Any CPU
		{814F8E2E-420C-4BD9-955A-88FCD9F6ACB5}.AppStore|x64.Build.0 = Release|Any CPU
		{814F8E2E-420C-4BD9-955A-88FCD9F6ACB5}.AppStore|x86.ActiveCfg = Release|Any CPU
		{814F8E2E-420C-4BD9-955A-88FCD9F6ACB5}.AppStore|x86.Build.0 = Release|Any CPU
		{814F8E2E-420C-4BD9-955A-88FCD9F6ACB5}.Debug|Any CPU.ActiveCfg = Debug|Any CPU
		{814F8E2E-420C-4BD9-955A-88FCD9F6ACB5}.Debug|Any CPU.Build.0 = Debug|Any CPU
		{814F8E2E-420C-4BD9-955A-88FCD9F6ACB5}.Debug|ARM.ActiveCfg = Debug|Any CPU
		{814F8E2E-420C-4BD9-955A-88FCD9F6ACB5}.Debug|ARM.Build.0 = Debug|Any CPU
		{814F8E2E-420C-4BD9-955A-88FCD9F6ACB5}.Debug|ARM64.ActiveCfg = Debug|Any CPU
		{814F8E2E-420C-4BD9-955A-88FCD9F6ACB5}.Debug|ARM64.Build.0 = Debug|Any CPU
		{814F8E2E-420C-4BD9-955A-88FCD9F6ACB5}.Debug|iPhone.ActiveCfg = Debug|Any CPU
		{814F8E2E-420C-4BD9-955A-88FCD9F6ACB5}.Debug|iPhone.Build.0 = Debug|Any CPU
		{814F8E2E-420C-4BD9-955A-88FCD9F6ACB5}.Debug|iPhoneSimulator.ActiveCfg = Debug|Any CPU
		{814F8E2E-420C-4BD9-955A-88FCD9F6ACB5}.Debug|iPhoneSimulator.Build.0 = Debug|Any CPU
		{814F8E2E-420C-4BD9-955A-88FCD9F6ACB5}.Debug|x64.ActiveCfg = Debug|Any CPU
		{814F8E2E-420C-4BD9-955A-88FCD9F6ACB5}.Debug|x64.Build.0 = Debug|Any CPU
		{814F8E2E-420C-4BD9-955A-88FCD9F6ACB5}.Debug|x86.ActiveCfg = Debug|Any CPU
		{814F8E2E-420C-4BD9-955A-88FCD9F6ACB5}.Debug|x86.Build.0 = Debug|Any CPU
		{814F8E2E-420C-4BD9-955A-88FCD9F6ACB5}.Release|Any CPU.ActiveCfg = Release|Any CPU
		{814F8E2E-420C-4BD9-955A-88FCD9F6ACB5}.Release|Any CPU.Build.0 = Release|Any CPU
		{814F8E2E-420C-4BD9-955A-88FCD9F6ACB5}.Release|ARM.ActiveCfg = Release|Any CPU
		{814F8E2E-420C-4BD9-955A-88FCD9F6ACB5}.Release|ARM.Build.0 = Release|Any CPU
		{814F8E2E-420C-4BD9-955A-88FCD9F6ACB5}.Release|ARM64.ActiveCfg = Release|Any CPU
		{814F8E2E-420C-4BD9-955A-88FCD9F6ACB5}.Release|ARM64.Build.0 = Release|Any CPU
		{814F8E2E-420C-4BD9-955A-88FCD9F6ACB5}.Release|iPhone.ActiveCfg = Release|Any CPU
		{814F8E2E-420C-4BD9-955A-88FCD9F6ACB5}.Release|iPhone.Build.0 = Release|Any CPU
		{814F8E2E-420C-4BD9-955A-88FCD9F6ACB5}.Release|iPhoneSimulator.ActiveCfg = Release|Any CPU
		{814F8E2E-420C-4BD9-955A-88FCD9F6ACB5}.Release|iPhoneSimulator.Build.0 = Release|Any CPU
		{814F8E2E-420C-4BD9-955A-88FCD9F6ACB5}.Release|x64.ActiveCfg = Release|Any CPU
		{814F8E2E-420C-4BD9-955A-88FCD9F6ACB5}.Release|x64.Build.0 = Release|Any CPU
		{814F8E2E-420C-4BD9-955A-88FCD9F6ACB5}.Release|x86.ActiveCfg = Release|Any CPU
		{814F8E2E-420C-4BD9-955A-88FCD9F6ACB5}.Release|x86.Build.0 = Release|Any CPU
		{A10A73AB-CFC3-4088-B42B-4FBF65D943FF}.Ad-Hoc|Any CPU.ActiveCfg = Release|Any CPU
		{A10A73AB-CFC3-4088-B42B-4FBF65D943FF}.Ad-Hoc|Any CPU.Build.0 = Release|Any CPU
		{A10A73AB-CFC3-4088-B42B-4FBF65D943FF}.Ad-Hoc|ARM.ActiveCfg = Release|Any CPU
		{A10A73AB-CFC3-4088-B42B-4FBF65D943FF}.Ad-Hoc|ARM.Build.0 = Release|Any CPU
		{A10A73AB-CFC3-4088-B42B-4FBF65D943FF}.Ad-Hoc|ARM64.ActiveCfg = Release|Any CPU
		{A10A73AB-CFC3-4088-B42B-4FBF65D943FF}.Ad-Hoc|ARM64.Build.0 = Release|Any CPU
		{A10A73AB-CFC3-4088-B42B-4FBF65D943FF}.Ad-Hoc|iPhone.ActiveCfg = Release|Any CPU
		{A10A73AB-CFC3-4088-B42B-4FBF65D943FF}.Ad-Hoc|iPhone.Build.0 = Release|Any CPU
		{A10A73AB-CFC3-4088-B42B-4FBF65D943FF}.Ad-Hoc|iPhoneSimulator.ActiveCfg = Release|Any CPU
		{A10A73AB-CFC3-4088-B42B-4FBF65D943FF}.Ad-Hoc|iPhoneSimulator.Build.0 = Release|Any CPU
		{A10A73AB-CFC3-4088-B42B-4FBF65D943FF}.Ad-Hoc|x64.ActiveCfg = Release|Any CPU
		{A10A73AB-CFC3-4088-B42B-4FBF65D943FF}.Ad-Hoc|x64.Build.0 = Release|Any CPU
		{A10A73AB-CFC3-4088-B42B-4FBF65D943FF}.Ad-Hoc|x86.ActiveCfg = Release|Any CPU
		{A10A73AB-CFC3-4088-B42B-4FBF65D943FF}.Ad-Hoc|x86.Build.0 = Release|Any CPU
		{A10A73AB-CFC3-4088-B42B-4FBF65D943FF}.AppStore|Any CPU.ActiveCfg = Release|Any CPU
		{A10A73AB-CFC3-4088-B42B-4FBF65D943FF}.AppStore|Any CPU.Build.0 = Release|Any CPU
		{A10A73AB-CFC3-4088-B42B-4FBF65D943FF}.AppStore|ARM.ActiveCfg = Release|Any CPU
		{A10A73AB-CFC3-4088-B42B-4FBF65D943FF}.AppStore|ARM.Build.0 = Release|Any CPU
		{A10A73AB-CFC3-4088-B42B-4FBF65D943FF}.AppStore|ARM64.ActiveCfg = Release|Any CPU
		{A10A73AB-CFC3-4088-B42B-4FBF65D943FF}.AppStore|ARM64.Build.0 = Release|Any CPU
		{A10A73AB-CFC3-4088-B42B-4FBF65D943FF}.AppStore|iPhone.ActiveCfg = Release|Any CPU
		{A10A73AB-CFC3-4088-B42B-4FBF65D943FF}.AppStore|iPhone.Build.0 = Release|Any CPU
		{A10A73AB-CFC3-4088-B42B-4FBF65D943FF}.AppStore|iPhoneSimulator.ActiveCfg = Release|Any CPU
		{A10A73AB-CFC3-4088-B42B-4FBF65D943FF}.AppStore|iPhoneSimulator.Build.0 = Release|Any CPU
		{A10A73AB-CFC3-4088-B42B-4FBF65D943FF}.AppStore|x64.ActiveCfg = Release|Any CPU
		{A10A73AB-CFC3-4088-B42B-4FBF65D943FF}.AppStore|x64.Build.0 = Release|Any CPU
		{A10A73AB-CFC3-4088-B42B-4FBF65D943FF}.AppStore|x86.ActiveCfg = Release|Any CPU
		{A10A73AB-CFC3-4088-B42B-4FBF65D943FF}.AppStore|x86.Build.0 = Release|Any CPU
		{A10A73AB-CFC3-4088-B42B-4FBF65D943FF}.Debug|Any CPU.ActiveCfg = Debug|Any CPU
		{A10A73AB-CFC3-4088-B42B-4FBF65D943FF}.Debug|Any CPU.Build.0 = Debug|Any CPU
		{A10A73AB-CFC3-4088-B42B-4FBF65D943FF}.Debug|ARM.ActiveCfg = Debug|Any CPU
		{A10A73AB-CFC3-4088-B42B-4FBF65D943FF}.Debug|ARM.Build.0 = Debug|Any CPU
		{A10A73AB-CFC3-4088-B42B-4FBF65D943FF}.Debug|ARM64.ActiveCfg = Debug|Any CPU
		{A10A73AB-CFC3-4088-B42B-4FBF65D943FF}.Debug|ARM64.Build.0 = Debug|Any CPU
		{A10A73AB-CFC3-4088-B42B-4FBF65D943FF}.Debug|iPhone.ActiveCfg = Debug|Any CPU
		{A10A73AB-CFC3-4088-B42B-4FBF65D943FF}.Debug|iPhone.Build.0 = Debug|Any CPU
		{A10A73AB-CFC3-4088-B42B-4FBF65D943FF}.Debug|iPhoneSimulator.ActiveCfg = Debug|Any CPU
		{A10A73AB-CFC3-4088-B42B-4FBF65D943FF}.Debug|iPhoneSimulator.Build.0 = Debug|Any CPU
		{A10A73AB-CFC3-4088-B42B-4FBF65D943FF}.Debug|x64.ActiveCfg = Debug|Any CPU
		{A10A73AB-CFC3-4088-B42B-4FBF65D943FF}.Debug|x64.Build.0 = Debug|Any CPU
		{A10A73AB-CFC3-4088-B42B-4FBF65D943FF}.Debug|x86.ActiveCfg = Debug|Any CPU
		{A10A73AB-CFC3-4088-B42B-4FBF65D943FF}.Debug|x86.Build.0 = Debug|Any CPU
		{A10A73AB-CFC3-4088-B42B-4FBF65D943FF}.Release|Any CPU.ActiveCfg = Release|Any CPU
		{A10A73AB-CFC3-4088-B42B-4FBF65D943FF}.Release|Any CPU.Build.0 = Release|Any CPU
		{A10A73AB-CFC3-4088-B42B-4FBF65D943FF}.Release|ARM.ActiveCfg = Release|Any CPU
		{A10A73AB-CFC3-4088-B42B-4FBF65D943FF}.Release|ARM.Build.0 = Release|Any CPU
		{A10A73AB-CFC3-4088-B42B-4FBF65D943FF}.Release|ARM64.ActiveCfg = Release|Any CPU
		{A10A73AB-CFC3-4088-B42B-4FBF65D943FF}.Release|ARM64.Build.0 = Release|Any CPU
		{A10A73AB-CFC3-4088-B42B-4FBF65D943FF}.Release|iPhone.ActiveCfg = Release|Any CPU
		{A10A73AB-CFC3-4088-B42B-4FBF65D943FF}.Release|iPhone.Build.0 = Release|Any CPU
		{A10A73AB-CFC3-4088-B42B-4FBF65D943FF}.Release|iPhoneSimulator.ActiveCfg = Release|Any CPU
		{A10A73AB-CFC3-4088-B42B-4FBF65D943FF}.Release|iPhoneSimulator.Build.0 = Release|Any CPU
		{A10A73AB-CFC3-4088-B42B-4FBF65D943FF}.Release|x64.ActiveCfg = Release|Any CPU
		{A10A73AB-CFC3-4088-B42B-4FBF65D943FF}.Release|x64.Build.0 = Release|Any CPU
		{A10A73AB-CFC3-4088-B42B-4FBF65D943FF}.Release|x86.ActiveCfg = Release|Any CPU
		{A10A73AB-CFC3-4088-B42B-4FBF65D943FF}.Release|x86.Build.0 = Release|Any CPU
		{80FE57B6-5791-4F9A-ADB5-FF361FD50C93}.Ad-Hoc|Any CPU.ActiveCfg = Debug|Any CPU
		{80FE57B6-5791-4F9A-ADB5-FF361FD50C93}.Ad-Hoc|Any CPU.Build.0 = Debug|Any CPU
		{80FE57B6-5791-4F9A-ADB5-FF361FD50C93}.Ad-Hoc|ARM.ActiveCfg = Debug|Any CPU
		{80FE57B6-5791-4F9A-ADB5-FF361FD50C93}.Ad-Hoc|ARM.Build.0 = Debug|Any CPU
		{80FE57B6-5791-4F9A-ADB5-FF361FD50C93}.Ad-Hoc|ARM64.ActiveCfg = Debug|Any CPU
		{80FE57B6-5791-4F9A-ADB5-FF361FD50C93}.Ad-Hoc|ARM64.Build.0 = Debug|Any CPU
		{80FE57B6-5791-4F9A-ADB5-FF361FD50C93}.Ad-Hoc|iPhone.ActiveCfg = Debug|Any CPU
		{80FE57B6-5791-4F9A-ADB5-FF361FD50C93}.Ad-Hoc|iPhone.Build.0 = Debug|Any CPU
		{80FE57B6-5791-4F9A-ADB5-FF361FD50C93}.Ad-Hoc|iPhoneSimulator.ActiveCfg = Debug|Any CPU
		{80FE57B6-5791-4F9A-ADB5-FF361FD50C93}.Ad-Hoc|iPhoneSimulator.Build.0 = Debug|Any CPU
		{80FE57B6-5791-4F9A-ADB5-FF361FD50C93}.Ad-Hoc|x64.ActiveCfg = Debug|Any CPU
		{80FE57B6-5791-4F9A-ADB5-FF361FD50C93}.Ad-Hoc|x64.Build.0 = Debug|Any CPU
		{80FE57B6-5791-4F9A-ADB5-FF361FD50C93}.Ad-Hoc|x86.ActiveCfg = Debug|Any CPU
		{80FE57B6-5791-4F9A-ADB5-FF361FD50C93}.Ad-Hoc|x86.Build.0 = Debug|Any CPU
		{80FE57B6-5791-4F9A-ADB5-FF361FD50C93}.AppStore|Any CPU.ActiveCfg = Debug|Any CPU
		{80FE57B6-5791-4F9A-ADB5-FF361FD50C93}.AppStore|Any CPU.Build.0 = Debug|Any CPU
		{80FE57B6-5791-4F9A-ADB5-FF361FD50C93}.AppStore|ARM.ActiveCfg = Debug|Any CPU
		{80FE57B6-5791-4F9A-ADB5-FF361FD50C93}.AppStore|ARM.Build.0 = Debug|Any CPU
		{80FE57B6-5791-4F9A-ADB5-FF361FD50C93}.AppStore|ARM64.ActiveCfg = Debug|Any CPU
		{80FE57B6-5791-4F9A-ADB5-FF361FD50C93}.AppStore|ARM64.Build.0 = Debug|Any CPU
		{80FE57B6-5791-4F9A-ADB5-FF361FD50C93}.AppStore|iPhone.ActiveCfg = Debug|Any CPU
		{80FE57B6-5791-4F9A-ADB5-FF361FD50C93}.AppStore|iPhone.Build.0 = Debug|Any CPU
		{80FE57B6-5791-4F9A-ADB5-FF361FD50C93}.AppStore|iPhoneSimulator.ActiveCfg = Debug|Any CPU
		{80FE57B6-5791-4F9A-ADB5-FF361FD50C93}.AppStore|iPhoneSimulator.Build.0 = Debug|Any CPU
		{80FE57B6-5791-4F9A-ADB5-FF361FD50C93}.AppStore|x64.ActiveCfg = Debug|Any CPU
		{80FE57B6-5791-4F9A-ADB5-FF361FD50C93}.AppStore|x64.Build.0 = Debug|Any CPU
		{80FE57B6-5791-4F9A-ADB5-FF361FD50C93}.AppStore|x86.ActiveCfg = Debug|Any CPU
		{80FE57B6-5791-4F9A-ADB5-FF361FD50C93}.AppStore|x86.Build.0 = Debug|Any CPU
		{80FE57B6-5791-4F9A-ADB5-FF361FD50C93}.Debug|Any CPU.ActiveCfg = Debug|Any CPU
		{80FE57B6-5791-4F9A-ADB5-FF361FD50C93}.Debug|Any CPU.Build.0 = Debug|Any CPU
		{80FE57B6-5791-4F9A-ADB5-FF361FD50C93}.Debug|ARM.ActiveCfg = Debug|Any CPU
		{80FE57B6-5791-4F9A-ADB5-FF361FD50C93}.Debug|ARM.Build.0 = Debug|Any CPU
		{80FE57B6-5791-4F9A-ADB5-FF361FD50C93}.Debug|ARM64.ActiveCfg = Debug|Any CPU
		{80FE57B6-5791-4F9A-ADB5-FF361FD50C93}.Debug|ARM64.Build.0 = Debug|Any CPU
		{80FE57B6-5791-4F9A-ADB5-FF361FD50C93}.Debug|iPhone.ActiveCfg = Debug|Any CPU
		{80FE57B6-5791-4F9A-ADB5-FF361FD50C93}.Debug|iPhone.Build.0 = Debug|Any CPU
		{80FE57B6-5791-4F9A-ADB5-FF361FD50C93}.Debug|iPhoneSimulator.ActiveCfg = Debug|Any CPU
		{80FE57B6-5791-4F9A-ADB5-FF361FD50C93}.Debug|iPhoneSimulator.Build.0 = Debug|Any CPU
		{80FE57B6-5791-4F9A-ADB5-FF361FD50C93}.Debug|x64.ActiveCfg = Debug|Any CPU
		{80FE57B6-5791-4F9A-ADB5-FF361FD50C93}.Debug|x64.Build.0 = Debug|Any CPU
		{80FE57B6-5791-4F9A-ADB5-FF361FD50C93}.Debug|x86.ActiveCfg = Debug|Any CPU
		{80FE57B6-5791-4F9A-ADB5-FF361FD50C93}.Debug|x86.Build.0 = Debug|Any CPU
		{80FE57B6-5791-4F9A-ADB5-FF361FD50C93}.Release|Any CPU.ActiveCfg = Release|Any CPU
		{80FE57B6-5791-4F9A-ADB5-FF361FD50C93}.Release|Any CPU.Build.0 = Release|Any CPU
		{80FE57B6-5791-4F9A-ADB5-FF361FD50C93}.Release|ARM.ActiveCfg = Release|Any CPU
		{80FE57B6-5791-4F9A-ADB5-FF361FD50C93}.Release|ARM.Build.0 = Release|Any CPU
		{80FE57B6-5791-4F9A-ADB5-FF361FD50C93}.Release|ARM64.ActiveCfg = Release|Any CPU
		{80FE57B6-5791-4F9A-ADB5-FF361FD50C93}.Release|ARM64.Build.0 = Release|Any CPU
		{80FE57B6-5791-4F9A-ADB5-FF361FD50C93}.Release|iPhone.ActiveCfg = Release|Any CPU
		{80FE57B6-5791-4F9A-ADB5-FF361FD50C93}.Release|iPhone.Build.0 = Release|Any CPU
		{80FE57B6-5791-4F9A-ADB5-FF361FD50C93}.Release|iPhoneSimulator.ActiveCfg = Release|Any CPU
		{80FE57B6-5791-4F9A-ADB5-FF361FD50C93}.Release|iPhoneSimulator.Build.0 = Release|Any CPU
		{80FE57B6-5791-4F9A-ADB5-FF361FD50C93}.Release|x64.ActiveCfg = Release|Any CPU
		{80FE57B6-5791-4F9A-ADB5-FF361FD50C93}.Release|x64.Build.0 = Release|Any CPU
		{80FE57B6-5791-4F9A-ADB5-FF361FD50C93}.Release|x86.ActiveCfg = Release|Any CPU
		{80FE57B6-5791-4F9A-ADB5-FF361FD50C93}.Release|x86.Build.0 = Release|Any CPU
		{82A75BD5-8A0A-4B4A-B69B-E0E67C729983}.Ad-Hoc|Any CPU.ActiveCfg = Debug|Any CPU
		{82A75BD5-8A0A-4B4A-B69B-E0E67C729983}.Ad-Hoc|Any CPU.Build.0 = Debug|Any CPU
		{82A75BD5-8A0A-4B4A-B69B-E0E67C729983}.Ad-Hoc|ARM.ActiveCfg = Debug|Any CPU
		{82A75BD5-8A0A-4B4A-B69B-E0E67C729983}.Ad-Hoc|ARM.Build.0 = Debug|Any CPU
		{82A75BD5-8A0A-4B4A-B69B-E0E67C729983}.Ad-Hoc|ARM64.ActiveCfg = Debug|Any CPU
		{82A75BD5-8A0A-4B4A-B69B-E0E67C729983}.Ad-Hoc|ARM64.Build.0 = Debug|Any CPU
		{82A75BD5-8A0A-4B4A-B69B-E0E67C729983}.Ad-Hoc|iPhone.ActiveCfg = Debug|Any CPU
		{82A75BD5-8A0A-4B4A-B69B-E0E67C729983}.Ad-Hoc|iPhone.Build.0 = Debug|Any CPU
		{82A75BD5-8A0A-4B4A-B69B-E0E67C729983}.Ad-Hoc|iPhoneSimulator.ActiveCfg = Debug|Any CPU
		{82A75BD5-8A0A-4B4A-B69B-E0E67C729983}.Ad-Hoc|iPhoneSimulator.Build.0 = Debug|Any CPU
		{82A75BD5-8A0A-4B4A-B69B-E0E67C729983}.Ad-Hoc|x64.ActiveCfg = Debug|Any CPU
		{82A75BD5-8A0A-4B4A-B69B-E0E67C729983}.Ad-Hoc|x64.Build.0 = Debug|Any CPU
		{82A75BD5-8A0A-4B4A-B69B-E0E67C729983}.Ad-Hoc|x86.ActiveCfg = Debug|Any CPU
		{82A75BD5-8A0A-4B4A-B69B-E0E67C729983}.Ad-Hoc|x86.Build.0 = Debug|Any CPU
		{82A75BD5-8A0A-4B4A-B69B-E0E67C729983}.AppStore|Any CPU.ActiveCfg = Debug|Any CPU
		{82A75BD5-8A0A-4B4A-B69B-E0E67C729983}.AppStore|Any CPU.Build.0 = Debug|Any CPU
		{82A75BD5-8A0A-4B4A-B69B-E0E67C729983}.AppStore|ARM.ActiveCfg = Debug|Any CPU
		{82A75BD5-8A0A-4B4A-B69B-E0E67C729983}.AppStore|ARM.Build.0 = Debug|Any CPU
		{82A75BD5-8A0A-4B4A-B69B-E0E67C729983}.AppStore|ARM64.ActiveCfg = Debug|Any CPU
		{82A75BD5-8A0A-4B4A-B69B-E0E67C729983}.AppStore|ARM64.Build.0 = Debug|Any CPU
		{82A75BD5-8A0A-4B4A-B69B-E0E67C729983}.AppStore|iPhone.ActiveCfg = Debug|Any CPU
		{82A75BD5-8A0A-4B4A-B69B-E0E67C729983}.AppStore|iPhone.Build.0 = Debug|Any CPU
		{82A75BD5-8A0A-4B4A-B69B-E0E67C729983}.AppStore|iPhoneSimulator.ActiveCfg = Debug|Any CPU
		{82A75BD5-8A0A-4B4A-B69B-E0E67C729983}.AppStore|iPhoneSimulator.Build.0 = Debug|Any CPU
		{82A75BD5-8A0A-4B4A-B69B-E0E67C729983}.AppStore|x64.ActiveCfg = Debug|Any CPU
		{82A75BD5-8A0A-4B4A-B69B-E0E67C729983}.AppStore|x64.Build.0 = Debug|Any CPU
		{82A75BD5-8A0A-4B4A-B69B-E0E67C729983}.AppStore|x86.ActiveCfg = Debug|Any CPU
		{82A75BD5-8A0A-4B4A-B69B-E0E67C729983}.AppStore|x86.Build.0 = Debug|Any CPU
		{82A75BD5-8A0A-4B4A-B69B-E0E67C729983}.Debug|Any CPU.ActiveCfg = Debug|Any CPU
		{82A75BD5-8A0A-4B4A-B69B-E0E67C729983}.Debug|Any CPU.Build.0 = Debug|Any CPU
		{82A75BD5-8A0A-4B4A-B69B-E0E67C729983}.Debug|ARM.ActiveCfg = Debug|Any CPU
		{82A75BD5-8A0A-4B4A-B69B-E0E67C729983}.Debug|ARM.Build.0 = Debug|Any CPU
		{82A75BD5-8A0A-4B4A-B69B-E0E67C729983}.Debug|ARM64.ActiveCfg = Debug|Any CPU
		{82A75BD5-8A0A-4B4A-B69B-E0E67C729983}.Debug|ARM64.Build.0 = Debug|Any CPU
		{82A75BD5-8A0A-4B4A-B69B-E0E67C729983}.Debug|iPhone.ActiveCfg = Debug|Any CPU
		{82A75BD5-8A0A-4B4A-B69B-E0E67C729983}.Debug|iPhone.Build.0 = Debug|Any CPU
		{82A75BD5-8A0A-4B4A-B69B-E0E67C729983}.Debug|iPhoneSimulator.ActiveCfg = Debug|Any CPU
		{82A75BD5-8A0A-4B4A-B69B-E0E67C729983}.Debug|iPhoneSimulator.Build.0 = Debug|Any CPU
		{82A75BD5-8A0A-4B4A-B69B-E0E67C729983}.Debug|x64.ActiveCfg = Debug|Any CPU
		{82A75BD5-8A0A-4B4A-B69B-E0E67C729983}.Debug|x64.Build.0 = Debug|Any CPU
		{82A75BD5-8A0A-4B4A-B69B-E0E67C729983}.Debug|x86.ActiveCfg = Debug|Any CPU
		{82A75BD5-8A0A-4B4A-B69B-E0E67C729983}.Debug|x86.Build.0 = Debug|Any CPU
		{82A75BD5-8A0A-4B4A-B69B-E0E67C729983}.Release|Any CPU.ActiveCfg = Release|Any CPU
		{82A75BD5-8A0A-4B4A-B69B-E0E67C729983}.Release|Any CPU.Build.0 = Release|Any CPU
		{82A75BD5-8A0A-4B4A-B69B-E0E67C729983}.Release|ARM.ActiveCfg = Release|Any CPU
		{82A75BD5-8A0A-4B4A-B69B-E0E67C729983}.Release|ARM.Build.0 = Release|Any CPU
		{82A75BD5-8A0A-4B4A-B69B-E0E67C729983}.Release|ARM64.ActiveCfg = Release|Any CPU
		{82A75BD5-8A0A-4B4A-B69B-E0E67C729983}.Release|ARM64.Build.0 = Release|Any CPU
		{82A75BD5-8A0A-4B4A-B69B-E0E67C729983}.Release|iPhone.ActiveCfg = Release|Any CPU
		{82A75BD5-8A0A-4B4A-B69B-E0E67C729983}.Release|iPhone.Build.0 = Release|Any CPU
		{82A75BD5-8A0A-4B4A-B69B-E0E67C729983}.Release|iPhoneSimulator.ActiveCfg = Release|Any CPU
		{82A75BD5-8A0A-4B4A-B69B-E0E67C729983}.Release|iPhoneSimulator.Build.0 = Release|Any CPU
		{82A75BD5-8A0A-4B4A-B69B-E0E67C729983}.Release|x64.ActiveCfg = Release|Any CPU
		{82A75BD5-8A0A-4B4A-B69B-E0E67C729983}.Release|x64.Build.0 = Release|Any CPU
		{82A75BD5-8A0A-4B4A-B69B-E0E67C729983}.Release|x86.ActiveCfg = Release|Any CPU
		{82A75BD5-8A0A-4B4A-B69B-E0E67C729983}.Release|x86.Build.0 = Release|Any CPU
		{0CCBAFEF-9A83-4F75-9F90-70DBCDF0F653}.Ad-Hoc|Any CPU.ActiveCfg = Debug|Any CPU
		{0CCBAFEF-9A83-4F75-9F90-70DBCDF0F653}.Ad-Hoc|Any CPU.Build.0 = Debug|Any CPU
		{0CCBAFEF-9A83-4F75-9F90-70DBCDF0F653}.Ad-Hoc|ARM.ActiveCfg = Debug|Any CPU
		{0CCBAFEF-9A83-4F75-9F90-70DBCDF0F653}.Ad-Hoc|ARM.Build.0 = Debug|Any CPU
		{0CCBAFEF-9A83-4F75-9F90-70DBCDF0F653}.Ad-Hoc|ARM64.ActiveCfg = Debug|Any CPU
		{0CCBAFEF-9A83-4F75-9F90-70DBCDF0F653}.Ad-Hoc|ARM64.Build.0 = Debug|Any CPU
		{0CCBAFEF-9A83-4F75-9F90-70DBCDF0F653}.Ad-Hoc|iPhone.ActiveCfg = Debug|Any CPU
		{0CCBAFEF-9A83-4F75-9F90-70DBCDF0F653}.Ad-Hoc|iPhone.Build.0 = Debug|Any CPU
		{0CCBAFEF-9A83-4F75-9F90-70DBCDF0F653}.Ad-Hoc|iPhoneSimulator.ActiveCfg = Debug|Any CPU
		{0CCBAFEF-9A83-4F75-9F90-70DBCDF0F653}.Ad-Hoc|iPhoneSimulator.Build.0 = Debug|Any CPU
		{0CCBAFEF-9A83-4F75-9F90-70DBCDF0F653}.Ad-Hoc|x64.ActiveCfg = Debug|Any CPU
		{0CCBAFEF-9A83-4F75-9F90-70DBCDF0F653}.Ad-Hoc|x64.Build.0 = Debug|Any CPU
		{0CCBAFEF-9A83-4F75-9F90-70DBCDF0F653}.Ad-Hoc|x86.ActiveCfg = Debug|Any CPU
		{0CCBAFEF-9A83-4F75-9F90-70DBCDF0F653}.Ad-Hoc|x86.Build.0 = Debug|Any CPU
		{0CCBAFEF-9A83-4F75-9F90-70DBCDF0F653}.AppStore|Any CPU.ActiveCfg = Debug|Any CPU
		{0CCBAFEF-9A83-4F75-9F90-70DBCDF0F653}.AppStore|Any CPU.Build.0 = Debug|Any CPU
		{0CCBAFEF-9A83-4F75-9F90-70DBCDF0F653}.AppStore|ARM.ActiveCfg = Debug|Any CPU
		{0CCBAFEF-9A83-4F75-9F90-70DBCDF0F653}.AppStore|ARM.Build.0 = Debug|Any CPU
		{0CCBAFEF-9A83-4F75-9F90-70DBCDF0F653}.AppStore|ARM64.ActiveCfg = Debug|Any CPU
		{0CCBAFEF-9A83-4F75-9F90-70DBCDF0F653}.AppStore|ARM64.Build.0 = Debug|Any CPU
		{0CCBAFEF-9A83-4F75-9F90-70DBCDF0F653}.AppStore|iPhone.ActiveCfg = Debug|Any CPU
		{0CCBAFEF-9A83-4F75-9F90-70DBCDF0F653}.AppStore|iPhone.Build.0 = Debug|Any CPU
		{0CCBAFEF-9A83-4F75-9F90-70DBCDF0F653}.AppStore|iPhoneSimulator.ActiveCfg = Debug|Any CPU
		{0CCBAFEF-9A83-4F75-9F90-70DBCDF0F653}.AppStore|iPhoneSimulator.Build.0 = Debug|Any CPU
		{0CCBAFEF-9A83-4F75-9F90-70DBCDF0F653}.AppStore|x64.ActiveCfg = Debug|Any CPU
		{0CCBAFEF-9A83-4F75-9F90-70DBCDF0F653}.AppStore|x64.Build.0 = Debug|Any CPU
		{0CCBAFEF-9A83-4F75-9F90-70DBCDF0F653}.AppStore|x86.ActiveCfg = Debug|Any CPU
		{0CCBAFEF-9A83-4F75-9F90-70DBCDF0F653}.AppStore|x86.Build.0 = Debug|Any CPU
		{0CCBAFEF-9A83-4F75-9F90-70DBCDF0F653}.Debug|Any CPU.ActiveCfg = Debug|Any CPU
		{0CCBAFEF-9A83-4F75-9F90-70DBCDF0F653}.Debug|Any CPU.Build.0 = Debug|Any CPU
		{0CCBAFEF-9A83-4F75-9F90-70DBCDF0F653}.Debug|ARM.ActiveCfg = Debug|Any CPU
		{0CCBAFEF-9A83-4F75-9F90-70DBCDF0F653}.Debug|ARM.Build.0 = Debug|Any CPU
		{0CCBAFEF-9A83-4F75-9F90-70DBCDF0F653}.Debug|ARM64.ActiveCfg = Debug|Any CPU
		{0CCBAFEF-9A83-4F75-9F90-70DBCDF0F653}.Debug|ARM64.Build.0 = Debug|Any CPU
		{0CCBAFEF-9A83-4F75-9F90-70DBCDF0F653}.Debug|iPhone.ActiveCfg = Debug|Any CPU
		{0CCBAFEF-9A83-4F75-9F90-70DBCDF0F653}.Debug|iPhone.Build.0 = Debug|Any CPU
		{0CCBAFEF-9A83-4F75-9F90-70DBCDF0F653}.Debug|iPhoneSimulator.ActiveCfg = Debug|Any CPU
		{0CCBAFEF-9A83-4F75-9F90-70DBCDF0F653}.Debug|iPhoneSimulator.Build.0 = Debug|Any CPU
		{0CCBAFEF-9A83-4F75-9F90-70DBCDF0F653}.Debug|x64.ActiveCfg = Debug|Any CPU
		{0CCBAFEF-9A83-4F75-9F90-70DBCDF0F653}.Debug|x64.Build.0 = Debug|Any CPU
		{0CCBAFEF-9A83-4F75-9F90-70DBCDF0F653}.Debug|x86.ActiveCfg = Debug|Any CPU
		{0CCBAFEF-9A83-4F75-9F90-70DBCDF0F653}.Debug|x86.Build.0 = Debug|Any CPU
		{0CCBAFEF-9A83-4F75-9F90-70DBCDF0F653}.Release|Any CPU.ActiveCfg = Release|Any CPU
		{0CCBAFEF-9A83-4F75-9F90-70DBCDF0F653}.Release|Any CPU.Build.0 = Release|Any CPU
		{0CCBAFEF-9A83-4F75-9F90-70DBCDF0F653}.Release|ARM.ActiveCfg = Release|Any CPU
		{0CCBAFEF-9A83-4F75-9F90-70DBCDF0F653}.Release|ARM.Build.0 = Release|Any CPU
		{0CCBAFEF-9A83-4F75-9F90-70DBCDF0F653}.Release|ARM64.ActiveCfg = Release|Any CPU
		{0CCBAFEF-9A83-4F75-9F90-70DBCDF0F653}.Release|ARM64.Build.0 = Release|Any CPU
		{0CCBAFEF-9A83-4F75-9F90-70DBCDF0F653}.Release|iPhone.ActiveCfg = Release|Any CPU
		{0CCBAFEF-9A83-4F75-9F90-70DBCDF0F653}.Release|iPhone.Build.0 = Release|Any CPU
		{0CCBAFEF-9A83-4F75-9F90-70DBCDF0F653}.Release|iPhoneSimulator.ActiveCfg = Release|Any CPU
		{0CCBAFEF-9A83-4F75-9F90-70DBCDF0F653}.Release|iPhoneSimulator.Build.0 = Release|Any CPU
		{0CCBAFEF-9A83-4F75-9F90-70DBCDF0F653}.Release|x64.ActiveCfg = Release|Any CPU
		{0CCBAFEF-9A83-4F75-9F90-70DBCDF0F653}.Release|x64.Build.0 = Release|Any CPU
		{0CCBAFEF-9A83-4F75-9F90-70DBCDF0F653}.Release|x86.ActiveCfg = Release|Any CPU
		{0CCBAFEF-9A83-4F75-9F90-70DBCDF0F653}.Release|x86.Build.0 = Release|Any CPU
		{8EDEEDD6-D86A-4B6D-A9C3-E1B3F25DD09F}.Ad-Hoc|Any CPU.ActiveCfg = Debug|Any CPU
		{8EDEEDD6-D86A-4B6D-A9C3-E1B3F25DD09F}.Ad-Hoc|Any CPU.Build.0 = Debug|Any CPU
		{8EDEEDD6-D86A-4B6D-A9C3-E1B3F25DD09F}.Ad-Hoc|ARM.ActiveCfg = Debug|Any CPU
		{8EDEEDD6-D86A-4B6D-A9C3-E1B3F25DD09F}.Ad-Hoc|ARM.Build.0 = Debug|Any CPU
		{8EDEEDD6-D86A-4B6D-A9C3-E1B3F25DD09F}.Ad-Hoc|ARM64.ActiveCfg = Debug|Any CPU
		{8EDEEDD6-D86A-4B6D-A9C3-E1B3F25DD09F}.Ad-Hoc|ARM64.Build.0 = Debug|Any CPU
		{8EDEEDD6-D86A-4B6D-A9C3-E1B3F25DD09F}.Ad-Hoc|iPhone.ActiveCfg = Debug|Any CPU
		{8EDEEDD6-D86A-4B6D-A9C3-E1B3F25DD09F}.Ad-Hoc|iPhone.Build.0 = Debug|Any CPU
		{8EDEEDD6-D86A-4B6D-A9C3-E1B3F25DD09F}.Ad-Hoc|iPhoneSimulator.ActiveCfg = Debug|Any CPU
		{8EDEEDD6-D86A-4B6D-A9C3-E1B3F25DD09F}.Ad-Hoc|iPhoneSimulator.Build.0 = Debug|Any CPU
		{8EDEEDD6-D86A-4B6D-A9C3-E1B3F25DD09F}.Ad-Hoc|x64.ActiveCfg = Debug|Any CPU
		{8EDEEDD6-D86A-4B6D-A9C3-E1B3F25DD09F}.Ad-Hoc|x64.Build.0 = Debug|Any CPU
		{8EDEEDD6-D86A-4B6D-A9C3-E1B3F25DD09F}.Ad-Hoc|x86.ActiveCfg = Debug|Any CPU
		{8EDEEDD6-D86A-4B6D-A9C3-E1B3F25DD09F}.Ad-Hoc|x86.Build.0 = Debug|Any CPU
		{8EDEEDD6-D86A-4B6D-A9C3-E1B3F25DD09F}.AppStore|Any CPU.ActiveCfg = Debug|Any CPU
		{8EDEEDD6-D86A-4B6D-A9C3-E1B3F25DD09F}.AppStore|Any CPU.Build.0 = Debug|Any CPU
		{8EDEEDD6-D86A-4B6D-A9C3-E1B3F25DD09F}.AppStore|ARM.ActiveCfg = Debug|Any CPU
		{8EDEEDD6-D86A-4B6D-A9C3-E1B3F25DD09F}.AppStore|ARM.Build.0 = Debug|Any CPU
		{8EDEEDD6-D86A-4B6D-A9C3-E1B3F25DD09F}.AppStore|ARM64.ActiveCfg = Debug|Any CPU
		{8EDEEDD6-D86A-4B6D-A9C3-E1B3F25DD09F}.AppStore|ARM64.Build.0 = Debug|Any CPU
		{8EDEEDD6-D86A-4B6D-A9C3-E1B3F25DD09F}.AppStore|iPhone.ActiveCfg = Debug|Any CPU
		{8EDEEDD6-D86A-4B6D-A9C3-E1B3F25DD09F}.AppStore|iPhone.Build.0 = Debug|Any CPU
		{8EDEEDD6-D86A-4B6D-A9C3-E1B3F25DD09F}.AppStore|iPhoneSimulator.ActiveCfg = Debug|Any CPU
		{8EDEEDD6-D86A-4B6D-A9C3-E1B3F25DD09F}.AppStore|iPhoneSimulator.Build.0 = Debug|Any CPU
		{8EDEEDD6-D86A-4B6D-A9C3-E1B3F25DD09F}.AppStore|x64.ActiveCfg = Debug|Any CPU
		{8EDEEDD6-D86A-4B6D-A9C3-E1B3F25DD09F}.AppStore|x64.Build.0 = Debug|Any CPU
		{8EDEEDD6-D86A-4B6D-A9C3-E1B3F25DD09F}.AppStore|x86.ActiveCfg = Debug|Any CPU
		{8EDEEDD6-D86A-4B6D-A9C3-E1B3F25DD09F}.AppStore|x86.Build.0 = Debug|Any CPU
		{8EDEEDD6-D86A-4B6D-A9C3-E1B3F25DD09F}.Debug|Any CPU.ActiveCfg = Debug|Any CPU
		{8EDEEDD6-D86A-4B6D-A9C3-E1B3F25DD09F}.Debug|Any CPU.Build.0 = Debug|Any CPU
		{8EDEEDD6-D86A-4B6D-A9C3-E1B3F25DD09F}.Debug|ARM.ActiveCfg = Debug|Any CPU
		{8EDEEDD6-D86A-4B6D-A9C3-E1B3F25DD09F}.Debug|ARM.Build.0 = Debug|Any CPU
		{8EDEEDD6-D86A-4B6D-A9C3-E1B3F25DD09F}.Debug|ARM64.ActiveCfg = Debug|Any CPU
		{8EDEEDD6-D86A-4B6D-A9C3-E1B3F25DD09F}.Debug|ARM64.Build.0 = Debug|Any CPU
		{8EDEEDD6-D86A-4B6D-A9C3-E1B3F25DD09F}.Debug|iPhone.ActiveCfg = Debug|Any CPU
		{8EDEEDD6-D86A-4B6D-A9C3-E1B3F25DD09F}.Debug|iPhone.Build.0 = Debug|Any CPU
		{8EDEEDD6-D86A-4B6D-A9C3-E1B3F25DD09F}.Debug|iPhoneSimulator.ActiveCfg = Debug|Any CPU
		{8EDEEDD6-D86A-4B6D-A9C3-E1B3F25DD09F}.Debug|iPhoneSimulator.Build.0 = Debug|Any CPU
		{8EDEEDD6-D86A-4B6D-A9C3-E1B3F25DD09F}.Debug|x64.ActiveCfg = Debug|Any CPU
		{8EDEEDD6-D86A-4B6D-A9C3-E1B3F25DD09F}.Debug|x64.Build.0 = Debug|Any CPU
		{8EDEEDD6-D86A-4B6D-A9C3-E1B3F25DD09F}.Debug|x86.ActiveCfg = Debug|Any CPU
		{8EDEEDD6-D86A-4B6D-A9C3-E1B3F25DD09F}.Debug|x86.Build.0 = Debug|Any CPU
		{8EDEEDD6-D86A-4B6D-A9C3-E1B3F25DD09F}.Release|Any CPU.ActiveCfg = Release|Any CPU
		{8EDEEDD6-D86A-4B6D-A9C3-E1B3F25DD09F}.Release|Any CPU.Build.0 = Release|Any CPU
		{8EDEEDD6-D86A-4B6D-A9C3-E1B3F25DD09F}.Release|ARM.ActiveCfg = Release|Any CPU
		{8EDEEDD6-D86A-4B6D-A9C3-E1B3F25DD09F}.Release|ARM.Build.0 = Release|Any CPU
		{8EDEEDD6-D86A-4B6D-A9C3-E1B3F25DD09F}.Release|ARM64.ActiveCfg = Release|Any CPU
		{8EDEEDD6-D86A-4B6D-A9C3-E1B3F25DD09F}.Release|ARM64.Build.0 = Release|Any CPU
		{8EDEEDD6-D86A-4B6D-A9C3-E1B3F25DD09F}.Release|iPhone.ActiveCfg = Release|Any CPU
		{8EDEEDD6-D86A-4B6D-A9C3-E1B3F25DD09F}.Release|iPhone.Build.0 = Release|Any CPU
		{8EDEEDD6-D86A-4B6D-A9C3-E1B3F25DD09F}.Release|iPhoneSimulator.ActiveCfg = Release|Any CPU
		{8EDEEDD6-D86A-4B6D-A9C3-E1B3F25DD09F}.Release|iPhoneSimulator.Build.0 = Release|Any CPU
		{8EDEEDD6-D86A-4B6D-A9C3-E1B3F25DD09F}.Release|x64.ActiveCfg = Release|Any CPU
		{8EDEEDD6-D86A-4B6D-A9C3-E1B3F25DD09F}.Release|x64.Build.0 = Release|Any CPU
		{8EDEEDD6-D86A-4B6D-A9C3-E1B3F25DD09F}.Release|x86.ActiveCfg = Release|Any CPU
		{8EDEEDD6-D86A-4B6D-A9C3-E1B3F25DD09F}.Release|x86.Build.0 = Release|Any CPU
		{1D63EEAC-202C-4986-A8C8-1276CE33DAF9}.Ad-Hoc|Any CPU.ActiveCfg = Debug|Any CPU
		{1D63EEAC-202C-4986-A8C8-1276CE33DAF9}.Ad-Hoc|Any CPU.Build.0 = Debug|Any CPU
		{1D63EEAC-202C-4986-A8C8-1276CE33DAF9}.Ad-Hoc|ARM.ActiveCfg = Debug|Any CPU
		{1D63EEAC-202C-4986-A8C8-1276CE33DAF9}.Ad-Hoc|ARM.Build.0 = Debug|Any CPU
		{1D63EEAC-202C-4986-A8C8-1276CE33DAF9}.Ad-Hoc|ARM64.ActiveCfg = Debug|Any CPU
		{1D63EEAC-202C-4986-A8C8-1276CE33DAF9}.Ad-Hoc|ARM64.Build.0 = Debug|Any CPU
		{1D63EEAC-202C-4986-A8C8-1276CE33DAF9}.Ad-Hoc|iPhone.ActiveCfg = Debug|Any CPU
		{1D63EEAC-202C-4986-A8C8-1276CE33DAF9}.Ad-Hoc|iPhone.Build.0 = Debug|Any CPU
		{1D63EEAC-202C-4986-A8C8-1276CE33DAF9}.Ad-Hoc|iPhoneSimulator.ActiveCfg = Debug|Any CPU
		{1D63EEAC-202C-4986-A8C8-1276CE33DAF9}.Ad-Hoc|iPhoneSimulator.Build.0 = Debug|Any CPU
		{1D63EEAC-202C-4986-A8C8-1276CE33DAF9}.Ad-Hoc|x64.ActiveCfg = Debug|Any CPU
		{1D63EEAC-202C-4986-A8C8-1276CE33DAF9}.Ad-Hoc|x64.Build.0 = Debug|Any CPU
		{1D63EEAC-202C-4986-A8C8-1276CE33DAF9}.Ad-Hoc|x86.ActiveCfg = Debug|Any CPU
		{1D63EEAC-202C-4986-A8C8-1276CE33DAF9}.Ad-Hoc|x86.Build.0 = Debug|Any CPU
		{1D63EEAC-202C-4986-A8C8-1276CE33DAF9}.AppStore|Any CPU.ActiveCfg = Debug|Any CPU
		{1D63EEAC-202C-4986-A8C8-1276CE33DAF9}.AppStore|Any CPU.Build.0 = Debug|Any CPU
		{1D63EEAC-202C-4986-A8C8-1276CE33DAF9}.AppStore|ARM.ActiveCfg = Debug|Any CPU
		{1D63EEAC-202C-4986-A8C8-1276CE33DAF9}.AppStore|ARM.Build.0 = Debug|Any CPU
		{1D63EEAC-202C-4986-A8C8-1276CE33DAF9}.AppStore|ARM64.ActiveCfg = Debug|Any CPU
		{1D63EEAC-202C-4986-A8C8-1276CE33DAF9}.AppStore|ARM64.Build.0 = Debug|Any CPU
		{1D63EEAC-202C-4986-A8C8-1276CE33DAF9}.AppStore|iPhone.ActiveCfg = Debug|Any CPU
		{1D63EEAC-202C-4986-A8C8-1276CE33DAF9}.AppStore|iPhone.Build.0 = Debug|Any CPU
		{1D63EEAC-202C-4986-A8C8-1276CE33DAF9}.AppStore|iPhoneSimulator.ActiveCfg = Debug|Any CPU
		{1D63EEAC-202C-4986-A8C8-1276CE33DAF9}.AppStore|iPhoneSimulator.Build.0 = Debug|Any CPU
		{1D63EEAC-202C-4986-A8C8-1276CE33DAF9}.AppStore|x64.ActiveCfg = Debug|Any CPU
		{1D63EEAC-202C-4986-A8C8-1276CE33DAF9}.AppStore|x64.Build.0 = Debug|Any CPU
		{1D63EEAC-202C-4986-A8C8-1276CE33DAF9}.AppStore|x86.ActiveCfg = Debug|Any CPU
		{1D63EEAC-202C-4986-A8C8-1276CE33DAF9}.AppStore|x86.Build.0 = Debug|Any CPU
		{1D63EEAC-202C-4986-A8C8-1276CE33DAF9}.Debug|Any CPU.ActiveCfg = Debug|Any CPU
		{1D63EEAC-202C-4986-A8C8-1276CE33DAF9}.Debug|Any CPU.Build.0 = Debug|Any CPU
		{1D63EEAC-202C-4986-A8C8-1276CE33DAF9}.Debug|ARM.ActiveCfg = Debug|Any CPU
		{1D63EEAC-202C-4986-A8C8-1276CE33DAF9}.Debug|ARM.Build.0 = Debug|Any CPU
		{1D63EEAC-202C-4986-A8C8-1276CE33DAF9}.Debug|ARM64.ActiveCfg = Debug|Any CPU
		{1D63EEAC-202C-4986-A8C8-1276CE33DAF9}.Debug|ARM64.Build.0 = Debug|Any CPU
		{1D63EEAC-202C-4986-A8C8-1276CE33DAF9}.Debug|iPhone.ActiveCfg = Debug|Any CPU
		{1D63EEAC-202C-4986-A8C8-1276CE33DAF9}.Debug|iPhone.Build.0 = Debug|Any CPU
		{1D63EEAC-202C-4986-A8C8-1276CE33DAF9}.Debug|iPhoneSimulator.ActiveCfg = Debug|Any CPU
		{1D63EEAC-202C-4986-A8C8-1276CE33DAF9}.Debug|iPhoneSimulator.Build.0 = Debug|Any CPU
		{1D63EEAC-202C-4986-A8C8-1276CE33DAF9}.Debug|x64.ActiveCfg = Debug|Any CPU
		{1D63EEAC-202C-4986-A8C8-1276CE33DAF9}.Debug|x64.Build.0 = Debug|Any CPU
		{1D63EEAC-202C-4986-A8C8-1276CE33DAF9}.Debug|x86.ActiveCfg = Debug|Any CPU
		{1D63EEAC-202C-4986-A8C8-1276CE33DAF9}.Debug|x86.Build.0 = Debug|Any CPU
		{1D63EEAC-202C-4986-A8C8-1276CE33DAF9}.Release|Any CPU.ActiveCfg = Release|Any CPU
		{1D63EEAC-202C-4986-A8C8-1276CE33DAF9}.Release|Any CPU.Build.0 = Release|Any CPU
		{1D63EEAC-202C-4986-A8C8-1276CE33DAF9}.Release|ARM.ActiveCfg = Release|Any CPU
		{1D63EEAC-202C-4986-A8C8-1276CE33DAF9}.Release|ARM.Build.0 = Release|Any CPU
		{1D63EEAC-202C-4986-A8C8-1276CE33DAF9}.Release|ARM64.ActiveCfg = Release|Any CPU
		{1D63EEAC-202C-4986-A8C8-1276CE33DAF9}.Release|ARM64.Build.0 = Release|Any CPU
		{1D63EEAC-202C-4986-A8C8-1276CE33DAF9}.Release|iPhone.ActiveCfg = Release|Any CPU
		{1D63EEAC-202C-4986-A8C8-1276CE33DAF9}.Release|iPhone.Build.0 = Release|Any CPU
		{1D63EEAC-202C-4986-A8C8-1276CE33DAF9}.Release|iPhoneSimulator.ActiveCfg = Release|Any CPU
		{1D63EEAC-202C-4986-A8C8-1276CE33DAF9}.Release|iPhoneSimulator.Build.0 = Release|Any CPU
		{1D63EEAC-202C-4986-A8C8-1276CE33DAF9}.Release|x64.ActiveCfg = Release|Any CPU
		{1D63EEAC-202C-4986-A8C8-1276CE33DAF9}.Release|x64.Build.0 = Release|Any CPU
		{1D63EEAC-202C-4986-A8C8-1276CE33DAF9}.Release|x86.ActiveCfg = Release|Any CPU
		{1D63EEAC-202C-4986-A8C8-1276CE33DAF9}.Release|x86.Build.0 = Release|Any CPU
	EndGlobalSection
	GlobalSection(SolutionProperties) = preSolution
		HideSolutionNode = FALSE
	EndGlobalSection
	GlobalSection(ExtensibilityGlobals) = postSolution
		SolutionGuid = {5CE6BEDB-27F9-4DDD-902E-C3FB2D5CC5CD}
	EndGlobalSection
EndGlobal
