
Microsoft Visual Studio Solution File, Format Version 12.00
# Visual Studio Version 16
VisualStudioVersion = 16.0.30804.86
MinimumVisualStudioVersion = 10.0.40219.1
Project("{9A19103F-16F7-4668-BE54-9A1E7A4F7556}") = "MSFSAddonsHub.Dal", "MSFSAddonsHub.Dal\MSFSAddonsHub.Dal.csproj", "{BDFBC508-8AB7-4D1E-AE18-88E2411EECEB}"
EndProject
Project("{9A19103F-16F7-4668-BE54-9A1E7A4F7556}") = "MSFSAddonsHub.Web", "MSFSAddonsHub.Web\MSFSAddonsHub.Web.csproj", "{814F8E2E-420C-4BD9-955A-88FCD9F6ACB5}"
EndProject
Project("{9A19103F-16F7-4668-BE54-9A1E7A4F7556}") = "MSFSAddonsHub.WebApi", "MSFSAddonsHub.WebApi\MSFSAddonsHub.WebApi.csproj", "{A10A73AB-CFC3-4088-B42B-4FBF65D943FF}"
EndProject
Project("{2150E333-8FDC-42A3-9474-1A3956D46DE8}") = "Solution Items", "Solution Items", "{5517CB62-7F09-4D7F-8AC4-A90A9DF6D82D}"
	ProjectSection(SolutionItems) = preProject
		Readme.MD = Readme.MD
	EndProjectSection
EndProject
Project("{9A19103F-16F7-4668-BE54-9A1E7A4F7556}") = "MSFSAddons.Models", "MSFSMobileDal\MSFSMobileDal\MSFSAddons.Models.csproj", "{BDC96BE7-1120-41A7-8AF3-1E1382ED8916}"
EndProject
Project("{9A19103F-16F7-4668-BE54-9A1E7A4F7556}") = "MSFSAddonsHub.BL", "MSFSAddonsHub.BL\MSFSAddonsHub.BL\MSFSAddonsHub.BL.csproj", "{AA94DB14-1C23-49D1-B881-B0CC46CD3A80}"
EndProject
Project("{2150E333-8FDC-42A3-9474-1A3956D46DE8}") = "Platforms", "Platforms", "{64378D90-7CD3-4C33-BBC0-D81162E8310C}"
EndProject
Project("{9A19103F-16F7-4668-BE54-9A1E7A4F7556}") = "MSFSAddonsHub.Tests", "MSFSAddonsHub.Tests\MSFSAddonsHub.Tests\MSFSAddonsHub.Tests.csproj", "{80FE57B6-5791-4F9A-ADB5-FF361FD50C93}"
EndProject
Project("{9A19103F-16F7-4668-BE54-9A1E7A4F7556}") = "MSFSAddonsHub.FL", "MSFSAddonsHub.FL\MSFSAddonsHub.FL.csproj", "{82A75BD5-8A0A-4B4A-B69B-E0E67C729983}"
EndProject
Project("{FAE04EC0-301F-11D3-BF4B-00C04F79EFBC}") = "MSFSAddonsHub.Forms.Android", "MSFSAddonsHub.Forms\MSFSAddonsHub.Forms\MSFSAddonsHub.Forms.Android\MSFSAddonsHub.Forms.Android.csproj", "{95217CE4-D8E8-4CAD-93EE-DAAD25EDC8A4}"
EndProject
Project("{FAE04EC0-301F-11D3-BF4B-00C04F79EFBC}") = "MSFSAddonsHub.Forms.iOS", "MSFSAddonsHub.Forms\MSFSAddonsHub.Forms\MSFSAddonsHub.Forms.iOS\MSFSAddonsHub.Forms.iOS.csproj", "{19422A96-AAE8-4C4B-A9E2-B24C8312DD7B}"
EndProject
Project("{9A19103F-16F7-4668-BE54-9A1E7A4F7556}") = "MSFSAddonsHub.Forms", "MSFSAddonsHub.Forms\MSFSAddonsHub.Forms\MSFSAddonsHub.Forms\MSFSAddonsHub.Forms.csproj", "{DDEACA86-DC0D-4868-936C-67D06064B040}"
EndProject
Global
	GlobalSection(SolutionConfigurationPlatforms) = preSolution
		Ad-Hoc|Any CPU = Ad-Hoc|Any CPU
		Ad-Hoc|ARM = Ad-Hoc|ARM
		Ad-Hoc|ARM64 = Ad-Hoc|ARM64
		Ad-Hoc|iPhone = Ad-Hoc|iPhone
		Ad-Hoc|iPhoneSimulator = Ad-Hoc|iPhoneSimulator
		Ad-Hoc|x64 = Ad-Hoc|x64
		Ad-Hoc|x86 = Ad-Hoc|x86
		AppStore|Any CPU = AppStore|Any CPU
		AppStore|ARM = AppStore|ARM
		AppStore|ARM64 = AppStore|ARM64
		AppStore|iPhone = AppStore|iPhone
		AppStore|iPhoneSimulator = AppStore|iPhoneSimulator
		AppStore|x64 = AppStore|x64
		AppStore|x86 = AppStore|x86
		Debug|Any CPU = Debug|Any CPU
		Debug|ARM = Debug|ARM
		Debug|ARM64 = Debug|ARM64
		Debug|iPhone = Debug|iPhone
		Debug|iPhoneSimulator = Debug|iPhoneSimulator
		Debug|x64 = Debug|x64
		Debug|x86 = Debug|x86
		Release|Any CPU = Release|Any CPU
		Release|ARM = Release|ARM
		Release|ARM64 = Release|ARM64
		Release|iPhone = Release|iPhone
		Release|iPhoneSimulator = Release|iPhoneSimulator
		Release|x64 = Release|x64
		Release|x86 = Release|x86
	EndGlobalSection
	GlobalSection(ProjectConfigurationPlatforms) = postSolution
		{BDFBC508-8AB7-4D1E-AE18-88E2411EECEB}.Ad-Hoc|Any CPU.ActiveCfg = Release|Any CPU
		{BDFBC508-8AB7-4D1E-AE18-88E2411EECEB}.Ad-Hoc|Any CPU.Build.0 = Release|Any CPU
		{BDFBC508-8AB7-4D1E-AE18-88E2411EECEB}.Ad-Hoc|ARM.ActiveCfg = Release|Any CPU
		{BDFBC508-8AB7-4D1E-AE18-88E2411EECEB}.Ad-Hoc|ARM.Build.0 = Release|Any CPU
		{BDFBC508-8AB7-4D1E-AE18-88E2411EECEB}.Ad-Hoc|ARM64.ActiveCfg = Release|Any CPU
		{BDFBC508-8AB7-4D1E-AE18-88E2411EECEB}.Ad-Hoc|ARM64.Build.0 = Release|Any CPU
		{BDFBC508-8AB7-4D1E-AE18-88E2411EECEB}.Ad-Hoc|iPhone.ActiveCfg = Release|Any CPU
		{BDFBC508-8AB7-4D1E-AE18-88E2411EECEB}.Ad-Hoc|iPhone.Build.0 = Release|Any CPU
		{BDFBC508-8AB7-4D1E-AE18-88E2411EECEB}.Ad-Hoc|iPhoneSimulator.ActiveCfg = Release|Any CPU
		{BDFBC508-8AB7-4D1E-AE18-88E2411EECEB}.Ad-Hoc|iPhoneSimulator.Build.0 = Release|Any CPU
		{BDFBC508-8AB7-4D1E-AE18-88E2411EECEB}.Ad-Hoc|x64.ActiveCfg = Release|Any CPU
		{BDFBC508-8AB7-4D1E-AE18-88E2411EECEB}.Ad-Hoc|x64.Build.0 = Release|Any CPU
		{BDFBC508-8AB7-4D1E-AE18-88E2411EECEB}.Ad-Hoc|x86.ActiveCfg = Release|Any CPU
		{BDFBC508-8AB7-4D1E-AE18-88E2411EECEB}.Ad-Hoc|x86.Build.0 = Release|Any CPU
		{BDFBC508-8AB7-4D1E-AE18-88E2411EECEB}.AppStore|Any CPU.ActiveCfg = Release|Any CPU
		{BDFBC508-8AB7-4D1E-AE18-88E2411EECEB}.AppStore|Any CPU.Build.0 = Release|Any CPU
		{BDFBC508-8AB7-4D1E-AE18-88E2411EECEB}.AppStore|ARM.ActiveCfg = Release|Any CPU
		{BDFBC508-8AB7-4D1E-AE18-88E2411EECEB}.AppStore|ARM.Build.0 = Release|Any CPU
		{BDFBC508-8AB7-4D1E-AE18-88E2411EECEB}.AppStore|ARM64.ActiveCfg = Release|Any CPU
		{BDFBC508-8AB7-4D1E-AE18-88E2411EECEB}.AppStore|ARM64.Build.0 = Release|Any CPU
		{BDFBC508-8AB7-4D1E-AE18-88E2411EECEB}.AppStore|iPhone.ActiveCfg = Release|Any CPU
		{BDFBC508-8AB7-4D1E-AE18-88E2411EECEB}.AppStore|iPhone.Build.0 = Release|Any CPU
		{BDFBC508-8AB7-4D1E-AE18-88E2411EECEB}.AppStore|iPhoneSimulator.ActiveCfg = Release|Any CPU
		{BDFBC508-8AB7-4D1E-AE18-88E2411EECEB}.AppStore|iPhoneSimulator.Build.0 = Release|Any CPU
		{BDFBC508-8AB7-4D1E-AE18-88E2411EECEB}.AppStore|x64.ActiveCfg = Release|Any CPU
		{BDFBC508-8AB7-4D1E-AE18-88E2411EECEB}.AppStore|x64.Build.0 = Release|Any CPU
		{BDFBC508-8AB7-4D1E-AE18-88E2411EECEB}.AppStore|x86.ActiveCfg = Release|Any CPU
		{BDFBC508-8AB7-4D1E-AE18-88E2411EECEB}.AppStore|x86.Build.0 = Release|Any CPU
		{BDFBC508-8AB7-4D1E-AE18-88E2411EECEB}.Debug|Any CPU.ActiveCfg = Debug|Any CPU
		{BDFBC508-8AB7-4D1E-AE18-88E2411EECEB}.Debug|Any CPU.Build.0 = Debug|Any CPU
		{BDFBC508-8AB7-4D1E-AE18-88E2411EECEB}.Debug|ARM.ActiveCfg = Debug|Any CPU
		{BDFBC508-8AB7-4D1E-AE18-88E2411EECEB}.Debug|ARM.Build.0 = Debug|Any CPU
		{BDFBC508-8AB7-4D1E-AE18-88E2411EECEB}.Debug|ARM64.ActiveCfg = Debug|Any CPU
		{BDFBC508-8AB7-4D1E-AE18-88E2411EECEB}.Debug|ARM64.Build.0 = Debug|Any CPU
		{BDFBC508-8AB7-4D1E-AE18-88E2411EECEB}.Debug|iPhone.ActiveCfg = Debug|Any CPU
		{BDFBC508-8AB7-4D1E-AE18-88E2411EECEB}.Debug|iPhone.Build.0 = Debug|Any CPU
		{BDFBC508-8AB7-4D1E-AE18-88E2411EECEB}.Debug|iPhoneSimulator.ActiveCfg = Debug|Any CPU
		{BDFBC508-8AB7-4D1E-AE18-88E2411EECEB}.Debug|iPhoneSimulator.Build.0 = Debug|Any CPU
		{BDFBC508-8AB7-4D1E-AE18-88E2411EECEB}.Debug|x64.ActiveCfg = Debug|Any CPU
		{BDFBC508-8AB7-4D1E-AE18-88E2411EECEB}.Debug|x64.Build.0 = Debug|Any CPU
		{BDFBC508-8AB7-4D1E-AE18-88E2411EECEB}.Debug|x86.ActiveCfg = Debug|Any CPU
		{BDFBC508-8AB7-4D1E-AE18-88E2411EECEB}.Debug|x86.Build.0 = Debug|Any CPU
		{BDFBC508-8AB7-4D1E-AE18-88E2411EECEB}.Release|Any CPU.ActiveCfg = Release|Any CPU
		{BDFBC508-8AB7-4D1E-AE18-88E2411EECEB}.Release|Any CPU.Build.0 = Release|Any CPU
		{BDFBC508-8AB7-4D1E-AE18-88E2411EECEB}.Release|ARM.ActiveCfg = Release|Any CPU
		{BDFBC508-8AB7-4D1E-AE18-88E2411EECEB}.Release|ARM.Build.0 = Release|Any CPU
		{BDFBC508-8AB7-4D1E-AE18-88E2411EECEB}.Release|ARM64.ActiveCfg = Release|Any CPU
		{BDFBC508-8AB7-4D1E-AE18-88E2411EECEB}.Release|ARM64.Build.0 = Release|Any CPU
		{BDFBC508-8AB7-4D1E-AE18-88E2411EECEB}.Release|iPhone.ActiveCfg = Release|Any CPU
		{BDFBC508-8AB7-4D1E-AE18-88E2411EECEB}.Release|iPhone.Build.0 = Release|Any CPU
		{BDFBC508-8AB7-4D1E-AE18-88E2411EECEB}.Release|iPhoneSimulator.ActiveCfg = Release|Any CPU
		{BDFBC508-8AB7-4D1E-AE18-88E2411EECEB}.Release|iPhoneSimulator.Build.0 = Release|Any CPU
		{BDFBC508-8AB7-4D1E-AE18-88E2411EECEB}.Release|x64.ActiveCfg = Release|Any CPU
		{BDFBC508-8AB7-4D1E-AE18-88E2411EECEB}.Release|x64.Build.0 = Release|Any CPU
		{BDFBC508-8AB7-4D1E-AE18-88E2411EECEB}.Release|x86.ActiveCfg = Release|Any CPU
		{BDFBC508-8AB7-4D1E-AE18-88E2411EECEB}.Release|x86.Build.0 = Release|Any CPU
		{814F8E2E-420C-4BD9-955A-88FCD9F6ACB5}.Ad-Hoc|Any CPU.ActiveCfg = Release|Any CPU
		{814F8E2E-420C-4BD9-955A-88FCD9F6ACB5}.Ad-Hoc|Any CPU.Build.0 = Release|Any CPU
		{814F8E2E-420C-4BD9-955A-88FCD9F6ACB5}.Ad-Hoc|ARM.ActiveCfg = Release|Any CPU
		{814F8E2E-420C-4BD9-955A-88FCD9F6ACB5}.Ad-Hoc|ARM.Build.0 = Release|Any CPU
		{814F8E2E-420C-4BD9-955A-88FCD9F6ACB5}.Ad-Hoc|ARM64.ActiveCfg = Release|Any CPU
		{814F8E2E-420C-4BD9-955A-88FCD9F6ACB5}.Ad-Hoc|ARM64.Build.0 = Release|Any CPU
		{814F8E2E-420C-4BD9-955A-88FCD9F6ACB5}.Ad-Hoc|iPhone.ActiveCfg = Release|Any CPU
		{814F8E2E-420C-4BD9-955A-88FCD9F6ACB5}.Ad-Hoc|iPhone.Build.0 = Release|Any CPU
		{814F8E2E-420C-4BD9-955A-88FCD9F6ACB5}.Ad-Hoc|iPhoneSimulator.ActiveCfg = Release|Any CPU
		{814F8E2E-420C-4BD9-955A-88FCD9F6ACB5}.Ad-Hoc|iPhoneSimulator.Build.0 = Release|Any CPU
		{814F8E2E-420C-4BD9-955A-88FCD9F6ACB5}.Ad-Hoc|x64.ActiveCfg = Release|Any CPU
		{814F8E2E-420C-4BD9-955A-88FCD9F6ACB5}.Ad-Hoc|x64.Build.0 = Release|Any CPU
		{814F8E2E-420C-4BD9-955A-88FCD9F6ACB5}.Ad-Hoc|x86.ActiveCfg = Release|Any CPU
		{814F8E2E-420C-4BD9-955A-88FCD9F6ACB5}.Ad-Hoc|x86.Build.0 = Release|Any CPU
		{814F8E2E-420C-4BD9-955A-88FCD9F6ACB5}.AppStore|Any CPU.ActiveCfg = Release|Any CPU
		{814F8E2E-420C-4BD9-955A-88FCD9F6ACB5}.AppStore|Any CPU.Build.0 = Release|Any CPU
		{814F8E2E-420C-4BD9-955A-88FCD9F6ACB5}.AppStore|ARM.ActiveCfg = Release|Any CPU
		{814F8E2E-420C-4BD9-955A-88FCD9F6ACB5}.AppStore|ARM.Build.0 = Release|Any CPU
		{814F8E2E-420C-4BD9-955A-88FCD9F6ACB5}.AppStore|ARM64.ActiveCfg = Release|Any CPU
		{814F8E2E-420C-4BD9-955A-88FCD9F6ACB5}.AppStore|ARM64.Build.0 = Release|Any CPU
		{814F8E2E-420C-4BD9-955A-88FCD9F6ACB5}.AppStore|iPhone.ActiveCfg = Release|Any CPU
		{814F8E2E-420C-4BD9-955A-88FCD9F6ACB5}.AppStore|iPhone.Build.0 = Release|Any CPU
		{814F8E2E-420C-4BD9-955A-88FCD9F6ACB5}.AppStore|iPhoneSimulator.ActiveCfg = Release|Any CPU
		{814F8E2E-420C-4BD9-955A-88FCD9F6ACB5}.AppStore|iPhoneSimulator.Build.0 = Release|Any CPU
		{814F8E2E-420C-4BD9-955A-88FCD9F6ACB5}.AppStore|x64.ActiveCfg = Release|Any CPU
		{814F8E2E-420C-4BD9-955A-88FCD9F6ACB5}.AppStore|x64.Build.0 = Release|Any CPU
		{814F8E2E-420C-4BD9-955A-88FCD9F6ACB5}.AppStore|x86.ActiveCfg = Release|Any CPU
		{814F8E2E-420C-4BD9-955A-88FCD9F6ACB5}.AppStore|x86.Build.0 = Release|Any CPU
		{814F8E2E-420C-4BD9-955A-88FCD9F6ACB5}.Debug|Any CPU.ActiveCfg = Debug|Any CPU
		{814F8E2E-420C-4BD9-955A-88FCD9F6ACB5}.Debug|Any CPU.Build.0 = Debug|Any CPU
		{814F8E2E-420C-4BD9-955A-88FCD9F6ACB5}.Debug|ARM.ActiveCfg = Debug|Any CPU
		{814F8E2E-420C-4BD9-955A-88FCD9F6ACB5}.Debug|ARM.Build.0 = Debug|Any CPU
		{814F8E2E-420C-4BD9-955A-88FCD9F6ACB5}.Debug|ARM64.ActiveCfg = Debug|Any CPU
		{814F8E2E-420C-4BD9-955A-88FCD9F6ACB5}.Debug|ARM64.Build.0 = Debug|Any CPU
		{814F8E2E-420C-4BD9-955A-88FCD9F6ACB5}.Debug|iPhone.ActiveCfg = Debug|Any CPU
		{814F8E2E-420C-4BD9-955A-88FCD9F6ACB5}.Debug|iPhone.Build.0 = Debug|Any CPU
		{814F8E2E-420C-4BD9-955A-88FCD9F6ACB5}.Debug|iPhoneSimulator.ActiveCfg = Debug|Any CPU
		{814F8E2E-420C-4BD9-955A-88FCD9F6ACB5}.Debug|iPhoneSimulator.Build.0 = Debug|Any CPU
		{814F8E2E-420C-4BD9-955A-88FCD9F6ACB5}.Debug|x64.ActiveCfg = Debug|Any CPU
		{814F8E2E-420C-4BD9-955A-88FCD9F6ACB5}.Debug|x64.Build.0 = Debug|Any CPU
		{814F8E2E-420C-4BD9-955A-88FCD9F6ACB5}.Debug|x86.ActiveCfg = Debug|Any CPU
		{814F8E2E-420C-4BD9-955A-88FCD9F6ACB5}.Debug|x86.Build.0 = Debug|Any CPU
		{814F8E2E-420C-4BD9-955A-88FCD9F6ACB5}.Release|Any CPU.ActiveCfg = Release|Any CPU
		{814F8E2E-420C-4BD9-955A-88FCD9F6ACB5}.Release|Any CPU.Build.0 = Release|Any CPU
		{814F8E2E-420C-4BD9-955A-88FCD9F6ACB5}.Release|ARM.ActiveCfg = Release|Any CPU
		{814F8E2E-420C-4BD9-955A-88FCD9F6ACB5}.Release|ARM.Build.0 = Release|Any CPU
		{814F8E2E-420C-4BD9-955A-88FCD9F6ACB5}.Release|ARM64.ActiveCfg = Release|Any CPU
		{814F8E2E-420C-4BD9-955A-88FCD9F6ACB5}.Release|ARM64.Build.0 = Release|Any CPU
		{814F8E2E-420C-4BD9-955A-88FCD9F6ACB5}.Release|iPhone.ActiveCfg = Release|Any CPU
		{814F8E2E-420C-4BD9-955A-88FCD9F6ACB5}.Release|iPhone.Build.0 = Release|Any CPU
		{814F8E2E-420C-4BD9-955A-88FCD9F6ACB5}.Release|iPhoneSimulator.ActiveCfg = Release|Any CPU
		{814F8E2E-420C-4BD9-955A-88FCD9F6ACB5}.Release|iPhoneSimulator.Build.0 = Release|Any CPU
		{814F8E2E-420C-4BD9-955A-88FCD9F6ACB5}.Release|x64.ActiveCfg = Release|Any CPU
		{814F8E2E-420C-4BD9-955A-88FCD9F6ACB5}.Release|x64.Build.0 = Release|Any CPU
		{814F8E2E-420C-4BD9-955A-88FCD9F6ACB5}.Release|x86.ActiveCfg = Release|Any CPU
		{814F8E2E-420C-4BD9-955A-88FCD9F6ACB5}.Release|x86.Build.0 = Release|Any CPU
		{A10A73AB-CFC3-4088-B42B-4FBF65D943FF}.Ad-Hoc|Any CPU.ActiveCfg = Release|Any CPU
		{A10A73AB-CFC3-4088-B42B-4FBF65D943FF}.Ad-Hoc|Any CPU.Build.0 = Release|Any CPU
		{A10A73AB-CFC3-4088-B42B-4FBF65D943FF}.Ad-Hoc|ARM.ActiveCfg = Release|Any CPU
		{A10A73AB-CFC3-4088-B42B-4FBF65D943FF}.Ad-Hoc|ARM.Build.0 = Release|Any CPU
		{A10A73AB-CFC3-4088-B42B-4FBF65D943FF}.Ad-Hoc|ARM64.ActiveCfg = Release|Any CPU
		{A10A73AB-CFC3-4088-B42B-4FBF65D943FF}.Ad-Hoc|ARM64.Build.0 = Release|Any CPU
		{A10A73AB-CFC3-4088-B42B-4FBF65D943FF}.Ad-Hoc|iPhone.ActiveCfg = Release|Any CPU
		{A10A73AB-CFC3-4088-B42B-4FBF65D943FF}.Ad-Hoc|iPhone.Build.0 = Release|Any CPU
		{A10A73AB-CFC3-4088-B42B-4FBF65D943FF}.Ad-Hoc|iPhoneSimulator.ActiveCfg = Release|Any CPU
		{A10A73AB-CFC3-4088-B42B-4FBF65D943FF}.Ad-Hoc|iPhoneSimulator.Build.0 = Release|Any CPU
		{A10A73AB-CFC3-4088-B42B-4FBF65D943FF}.Ad-Hoc|x64.ActiveCfg = Release|Any CPU
		{A10A73AB-CFC3-4088-B42B-4FBF65D943FF}.Ad-Hoc|x64.Build.0 = Release|Any CPU
		{A10A73AB-CFC3-4088-B42B-4FBF65D943FF}.Ad-Hoc|x86.ActiveCfg = Release|Any CPU
		{A10A73AB-CFC3-4088-B42B-4FBF65D943FF}.Ad-Hoc|x86.Build.0 = Release|Any CPU
		{A10A73AB-CFC3-4088-B42B-4FBF65D943FF}.AppStore|Any CPU.ActiveCfg = Release|Any CPU
		{A10A73AB-CFC3-4088-B42B-4FBF65D943FF}.AppStore|Any CPU.Build.0 = Release|Any CPU
		{A10A73AB-CFC3-4088-B42B-4FBF65D943FF}.AppStore|ARM.ActiveCfg = Release|Any CPU
		{A10A73AB-CFC3-4088-B42B-4FBF65D943FF}.AppStore|ARM.Build.0 = Release|Any CPU
		{A10A73AB-CFC3-4088-B42B-4FBF65D943FF}.AppStore|ARM64.ActiveCfg = Release|Any CPU
		{A10A73AB-CFC3-4088-B42B-4FBF65D943FF}.AppStore|ARM64.Build.0 = Release|Any CPU
		{A10A73AB-CFC3-4088-B42B-4FBF65D943FF}.AppStore|iPhone.ActiveCfg = Release|Any CPU
		{A10A73AB-CFC3-4088-B42B-4FBF65D943FF}.AppStore|iPhone.Build.0 = Release|Any CPU
		{A10A73AB-CFC3-4088-B42B-4FBF65D943FF}.AppStore|iPhoneSimulator.ActiveCfg = Release|Any CPU
		{A10A73AB-CFC3-4088-B42B-4FBF65D943FF}.AppStore|iPhoneSimulator.Build.0 = Release|Any CPU
		{A10A73AB-CFC3-4088-B42B-4FBF65D943FF}.AppStore|x64.ActiveCfg = Release|Any CPU
		{A10A73AB-CFC3-4088-B42B-4FBF65D943FF}.AppStore|x64.Build.0 = Release|Any CPU
		{A10A73AB-CFC3-4088-B42B-4FBF65D943FF}.AppStore|x86.ActiveCfg = Release|Any CPU
		{A10A73AB-CFC3-4088-B42B-4FBF65D943FF}.AppStore|x86.Build.0 = Release|Any CPU
		{A10A73AB-CFC3-4088-B42B-4FBF65D943FF}.Debug|Any CPU.ActiveCfg = Debug|Any CPU
		{A10A73AB-CFC3-4088-B42B-4FBF65D943FF}.Debug|Any CPU.Build.0 = Debug|Any CPU
		{A10A73AB-CFC3-4088-B42B-4FBF65D943FF}.Debug|ARM.ActiveCfg = Debug|Any CPU
		{A10A73AB-CFC3-4088-B42B-4FBF65D943FF}.Debug|ARM.Build.0 = Debug|Any CPU
		{A10A73AB-CFC3-4088-B42B-4FBF65D943FF}.Debug|ARM64.ActiveCfg = Debug|Any CPU
		{A10A73AB-CFC3-4088-B42B-4FBF65D943FF}.Debug|ARM64.Build.0 = Debug|Any CPU
		{A10A73AB-CFC3-4088-B42B-4FBF65D943FF}.Debug|iPhone.ActiveCfg = Debug|Any CPU
		{A10A73AB-CFC3-4088-B42B-4FBF65D943FF}.Debug|iPhone.Build.0 = Debug|Any CPU
		{A10A73AB-CFC3-4088-B42B-4FBF65D943FF}.Debug|iPhoneSimulator.ActiveCfg = Debug|Any CPU
		{A10A73AB-CFC3-4088-B42B-4FBF65D943FF}.Debug|iPhoneSimulator.Build.0 = Debug|Any CPU
		{A10A73AB-CFC3-4088-B42B-4FBF65D943FF}.Debug|x64.ActiveCfg = Debug|Any CPU
		{A10A73AB-CFC3-4088-B42B-4FBF65D943FF}.Debug|x64.Build.0 = Debug|Any CPU
		{A10A73AB-CFC3-4088-B42B-4FBF65D943FF}.Debug|x86.ActiveCfg = Debug|Any CPU
		{A10A73AB-CFC3-4088-B42B-4FBF65D943FF}.Debug|x86.Build.0 = Debug|Any CPU
		{A10A73AB-CFC3-4088-B42B-4FBF65D943FF}.Release|Any CPU.ActiveCfg = Release|Any CPU
		{A10A73AB-CFC3-4088-B42B-4FBF65D943FF}.Release|Any CPU.Build.0 = Release|Any CPU
		{A10A73AB-CFC3-4088-B42B-4FBF65D943FF}.Release|ARM.ActiveCfg = Release|Any CPU
		{A10A73AB-CFC3-4088-B42B-4FBF65D943FF}.Release|ARM.Build.0 = Release|Any CPU
		{A10A73AB-CFC3-4088-B42B-4FBF65D943FF}.Release|ARM64.ActiveCfg = Release|Any CPU
		{A10A73AB-CFC3-4088-B42B-4FBF65D943FF}.Release|ARM64.Build.0 = Release|Any CPU
		{A10A73AB-CFC3-4088-B42B-4FBF65D943FF}.Release|iPhone.ActiveCfg = Release|Any CPU
		{A10A73AB-CFC3-4088-B42B-4FBF65D943FF}.Release|iPhone.Build.0 = Release|Any CPU
		{A10A73AB-CFC3-4088-B42B-4FBF65D943FF}.Release|iPhoneSimulator.ActiveCfg = Release|Any CPU
		{A10A73AB-CFC3-4088-B42B-4FBF65D943FF}.Release|iPhoneSimulator.Build.0 = Release|Any CPU
		{A10A73AB-CFC3-4088-B42B-4FBF65D943FF}.Release|x64.ActiveCfg = Release|Any CPU
		{A10A73AB-CFC3-4088-B42B-4FBF65D943FF}.Release|x64.Build.0 = Release|Any CPU
		{A10A73AB-CFC3-4088-B42B-4FBF65D943FF}.Release|x86.ActiveCfg = Release|Any CPU
		{A10A73AB-CFC3-4088-B42B-4FBF65D943FF}.Release|x86.Build.0 = Release|Any CPU
		{BDC96BE7-1120-41A7-8AF3-1E1382ED8916}.Ad-Hoc|Any CPU.ActiveCfg = Release|Any CPU
		{BDC96BE7-1120-41A7-8AF3-1E1382ED8916}.Ad-Hoc|Any CPU.Build.0 = Release|Any CPU
		{BDC96BE7-1120-41A7-8AF3-1E1382ED8916}.Ad-Hoc|ARM.ActiveCfg = Release|Any CPU
		{BDC96BE7-1120-41A7-8AF3-1E1382ED8916}.Ad-Hoc|ARM.Build.0 = Release|Any CPU
		{BDC96BE7-1120-41A7-8AF3-1E1382ED8916}.Ad-Hoc|ARM64.ActiveCfg = Release|Any CPU
		{BDC96BE7-1120-41A7-8AF3-1E1382ED8916}.Ad-Hoc|ARM64.Build.0 = Release|Any CPU
		{BDC96BE7-1120-41A7-8AF3-1E1382ED8916}.Ad-Hoc|iPhone.ActiveCfg = Release|Any CPU
		{BDC96BE7-1120-41A7-8AF3-1E1382ED8916}.Ad-Hoc|iPhone.Build.0 = Release|Any CPU
		{BDC96BE7-1120-41A7-8AF3-1E1382ED8916}.Ad-Hoc|iPhoneSimulator.ActiveCfg = Release|Any CPU
		{BDC96BE7-1120-41A7-8AF3-1E1382ED8916}.Ad-Hoc|iPhoneSimulator.Build.0 = Release|Any CPU
		{BDC96BE7-1120-41A7-8AF3-1E1382ED8916}.Ad-Hoc|x64.ActiveCfg = Release|Any CPU
		{BDC96BE7-1120-41A7-8AF3-1E1382ED8916}.Ad-Hoc|x64.Build.0 = Release|Any CPU
		{BDC96BE7-1120-41A7-8AF3-1E1382ED8916}.Ad-Hoc|x86.ActiveCfg = Release|Any CPU
		{BDC96BE7-1120-41A7-8AF3-1E1382ED8916}.Ad-Hoc|x86.Build.0 = Release|Any CPU
		{BDC96BE7-1120-41A7-8AF3-1E1382ED8916}.AppStore|Any CPU.ActiveCfg = Release|Any CPU
		{BDC96BE7-1120-41A7-8AF3-1E1382ED8916}.AppStore|Any CPU.Build.0 = Release|Any CPU
		{BDC96BE7-1120-41A7-8AF3-1E1382ED8916}.AppStore|ARM.ActiveCfg = Release|Any CPU
		{BDC96BE7-1120-41A7-8AF3-1E1382ED8916}.AppStore|ARM.Build.0 = Release|Any CPU
		{BDC96BE7-1120-41A7-8AF3-1E1382ED8916}.AppStore|ARM64.ActiveCfg = Release|Any CPU
		{BDC96BE7-1120-41A7-8AF3-1E1382ED8916}.AppStore|ARM64.Build.0 = Release|Any CPU
		{BDC96BE7-1120-41A7-8AF3-1E1382ED8916}.AppStore|iPhone.ActiveCfg = Release|Any CPU
		{BDC96BE7-1120-41A7-8AF3-1E1382ED8916}.AppStore|iPhone.Build.0 = Release|Any CPU
		{BDC96BE7-1120-41A7-8AF3-1E1382ED8916}.AppStore|iPhoneSimulator.ActiveCfg = Release|Any CPU
		{BDC96BE7-1120-41A7-8AF3-1E1382ED8916}.AppStore|iPhoneSimulator.Build.0 = Release|Any CPU
		{BDC96BE7-1120-41A7-8AF3-1E1382ED8916}.AppStore|x64.ActiveCfg = Release|Any CPU
		{BDC96BE7-1120-41A7-8AF3-1E1382ED8916}.AppStore|x64.Build.0 = Release|Any CPU
		{BDC96BE7-1120-41A7-8AF3-1E1382ED8916}.AppStore|x86.ActiveCfg = Release|Any CPU
		{BDC96BE7-1120-41A7-8AF3-1E1382ED8916}.AppStore|x86.Build.0 = Release|Any CPU
		{BDC96BE7-1120-41A7-8AF3-1E1382ED8916}.Debug|Any CPU.ActiveCfg = Debug|Any CPU
		{BDC96BE7-1120-41A7-8AF3-1E1382ED8916}.Debug|Any CPU.Build.0 = Debug|Any CPU
		{BDC96BE7-1120-41A7-8AF3-1E1382ED8916}.Debug|ARM.ActiveCfg = Debug|Any CPU
		{BDC96BE7-1120-41A7-8AF3-1E1382ED8916}.Debug|ARM.Build.0 = Debug|Any CPU
		{BDC96BE7-1120-41A7-8AF3-1E1382ED8916}.Debug|ARM64.ActiveCfg = Debug|Any CPU
		{BDC96BE7-1120-41A7-8AF3-1E1382ED8916}.Debug|ARM64.Build.0 = Debug|Any CPU
		{BDC96BE7-1120-41A7-8AF3-1E1382ED8916}.Debug|iPhone.ActiveCfg = Debug|Any CPU
		{BDC96BE7-1120-41A7-8AF3-1E1382ED8916}.Debug|iPhone.Build.0 = Debug|Any CPU
		{BDC96BE7-1120-41A7-8AF3-1E1382ED8916}.Debug|iPhoneSimulator.ActiveCfg = Debug|Any CPU
		{BDC96BE7-1120-41A7-8AF3-1E1382ED8916}.Debug|iPhoneSimulator.Build.0 = Debug|Any CPU
		{BDC96BE7-1120-41A7-8AF3-1E1382ED8916}.Debug|x64.ActiveCfg = Debug|Any CPU
		{BDC96BE7-1120-41A7-8AF3-1E1382ED8916}.Debug|x64.Build.0 = Debug|Any CPU
		{BDC96BE7-1120-41A7-8AF3-1E1382ED8916}.Debug|x86.ActiveCfg = Debug|Any CPU
		{BDC96BE7-1120-41A7-8AF3-1E1382ED8916}.Debug|x86.Build.0 = Debug|Any CPU
		{BDC96BE7-1120-41A7-8AF3-1E1382ED8916}.Release|Any CPU.ActiveCfg = Release|Any CPU
		{BDC96BE7-1120-41A7-8AF3-1E1382ED8916}.Release|Any CPU.Build.0 = Release|Any CPU
		{BDC96BE7-1120-41A7-8AF3-1E1382ED8916}.Release|ARM.ActiveCfg = Release|Any CPU
		{BDC96BE7-1120-41A7-8AF3-1E1382ED8916}.Release|ARM.Build.0 = Release|Any CPU
		{BDC96BE7-1120-41A7-8AF3-1E1382ED8916}.Release|ARM64.ActiveCfg = Release|Any CPU
		{BDC96BE7-1120-41A7-8AF3-1E1382ED8916}.Release|ARM64.Build.0 = Release|Any CPU
		{BDC96BE7-1120-41A7-8AF3-1E1382ED8916}.Release|iPhone.ActiveCfg = Release|Any CPU
		{BDC96BE7-1120-41A7-8AF3-1E1382ED8916}.Release|iPhone.Build.0 = Release|Any CPU
		{BDC96BE7-1120-41A7-8AF3-1E1382ED8916}.Release|iPhoneSimulator.ActiveCfg = Release|Any CPU
		{BDC96BE7-1120-41A7-8AF3-1E1382ED8916}.Release|iPhoneSimulator.Build.0 = Release|Any CPU
		{BDC96BE7-1120-41A7-8AF3-1E1382ED8916}.Release|x64.ActiveCfg = Release|Any CPU
		{BDC96BE7-1120-41A7-8AF3-1E1382ED8916}.Release|x64.Build.0 = Release|Any CPU
		{BDC96BE7-1120-41A7-8AF3-1E1382ED8916}.Release|x86.ActiveCfg = Release|Any CPU
		{BDC96BE7-1120-41A7-8AF3-1E1382ED8916}.Release|x86.Build.0 = Release|Any CPU
		{AA94DB14-1C23-49D1-B881-B0CC46CD3A80}.Ad-Hoc|Any CPU.ActiveCfg = Release|Any CPU
		{AA94DB14-1C23-49D1-B881-B0CC46CD3A80}.Ad-Hoc|Any CPU.Build.0 = Release|Any CPU
		{AA94DB14-1C23-49D1-B881-B0CC46CD3A80}.Ad-Hoc|ARM.ActiveCfg = Release|Any CPU
		{AA94DB14-1C23-49D1-B881-B0CC46CD3A80}.Ad-Hoc|ARM.Build.0 = Release|Any CPU
		{AA94DB14-1C23-49D1-B881-B0CC46CD3A80}.Ad-Hoc|ARM64.ActiveCfg = Release|Any CPU
		{AA94DB14-1C23-49D1-B881-B0CC46CD3A80}.Ad-Hoc|ARM64.Build.0 = Release|Any CPU
		{AA94DB14-1C23-49D1-B881-B0CC46CD3A80}.Ad-Hoc|iPhone.ActiveCfg = Release|Any CPU
		{AA94DB14-1C23-49D1-B881-B0CC46CD3A80}.Ad-Hoc|iPhone.Build.0 = Release|Any CPU
		{AA94DB14-1C23-49D1-B881-B0CC46CD3A80}.Ad-Hoc|iPhoneSimulator.ActiveCfg = Release|Any CPU
		{AA94DB14-1C23-49D1-B881-B0CC46CD3A80}.Ad-Hoc|iPhoneSimulator.Build.0 = Release|Any CPU
		{AA94DB14-1C23-49D1-B881-B0CC46CD3A80}.Ad-Hoc|x64.ActiveCfg = Release|Any CPU
		{AA94DB14-1C23-49D1-B881-B0CC46CD3A80}.Ad-Hoc|x64.Build.0 = Release|Any CPU
		{AA94DB14-1C23-49D1-B881-B0CC46CD3A80}.Ad-Hoc|x86.ActiveCfg = Release|Any CPU
		{AA94DB14-1C23-49D1-B881-B0CC46CD3A80}.Ad-Hoc|x86.Build.0 = Release|Any CPU
		{AA94DB14-1C23-49D1-B881-B0CC46CD3A80}.AppStore|Any CPU.ActiveCfg = Release|Any CPU
		{AA94DB14-1C23-49D1-B881-B0CC46CD3A80}.AppStore|Any CPU.Build.0 = Release|Any CPU
		{AA94DB14-1C23-49D1-B881-B0CC46CD3A80}.AppStore|ARM.ActiveCfg = Release|Any CPU
		{AA94DB14-1C23-49D1-B881-B0CC46CD3A80}.AppStore|ARM.Build.0 = Release|Any CPU
		{AA94DB14-1C23-49D1-B881-B0CC46CD3A80}.AppStore|ARM64.ActiveCfg = Release|Any CPU
		{AA94DB14-1C23-49D1-B881-B0CC46CD3A80}.AppStore|ARM64.Build.0 = Release|Any CPU
		{AA94DB14-1C23-49D1-B881-B0CC46CD3A80}.AppStore|iPhone.ActiveCfg = Release|Any CPU
		{AA94DB14-1C23-49D1-B881-B0CC46CD3A80}.AppStore|iPhone.Build.0 = Release|Any CPU
		{AA94DB14-1C23-49D1-B881-B0CC46CD3A80}.AppStore|iPhoneSimulator.ActiveCfg = Release|Any CPU
		{AA94DB14-1C23-49D1-B881-B0CC46CD3A80}.AppStore|iPhoneSimulator.Build.0 = Release|Any CPU
		{AA94DB14-1C23-49D1-B881-B0CC46CD3A80}.AppStore|x64.ActiveCfg = Release|Any CPU
		{AA94DB14-1C23-49D1-B881-B0CC46CD3A80}.AppStore|x64.Build.0 = Release|Any CPU
		{AA94DB14-1C23-49D1-B881-B0CC46CD3A80}.AppStore|x86.ActiveCfg = Release|Any CPU
		{AA94DB14-1C23-49D1-B881-B0CC46CD3A80}.AppStore|x86.Build.0 = Release|Any CPU
		{AA94DB14-1C23-49D1-B881-B0CC46CD3A80}.Debug|Any CPU.ActiveCfg = Debug|Any CPU
		{AA94DB14-1C23-49D1-B881-B0CC46CD3A80}.Debug|Any CPU.Build.0 = Debug|Any CPU
		{AA94DB14-1C23-49D1-B881-B0CC46CD3A80}.Debug|ARM.ActiveCfg = Debug|Any CPU
		{AA94DB14-1C23-49D1-B881-B0CC46CD3A80}.Debug|ARM.Build.0 = Debug|Any CPU
		{AA94DB14-1C23-49D1-B881-B0CC46CD3A80}.Debug|ARM64.ActiveCfg = Debug|Any CPU
		{AA94DB14-1C23-49D1-B881-B0CC46CD3A80}.Debug|ARM64.Build.0 = Debug|Any CPU
		{AA94DB14-1C23-49D1-B881-B0CC46CD3A80}.Debug|iPhone.ActiveCfg = Debug|Any CPU
		{AA94DB14-1C23-49D1-B881-B0CC46CD3A80}.Debug|iPhone.Build.0 = Debug|Any CPU
		{AA94DB14-1C23-49D1-B881-B0CC46CD3A80}.Debug|iPhoneSimulator.ActiveCfg = Debug|Any CPU
		{AA94DB14-1C23-49D1-B881-B0CC46CD3A80}.Debug|iPhoneSimulator.Build.0 = Debug|Any CPU
		{AA94DB14-1C23-49D1-B881-B0CC46CD3A80}.Debug|x64.ActiveCfg = Debug|Any CPU
		{AA94DB14-1C23-49D1-B881-B0CC46CD3A80}.Debug|x64.Build.0 = Debug|Any CPU
		{AA94DB14-1C23-49D1-B881-B0CC46CD3A80}.Debug|x86.ActiveCfg = Debug|Any CPU
		{AA94DB14-1C23-49D1-B881-B0CC46CD3A80}.Debug|x86.Build.0 = Debug|Any CPU
		{AA94DB14-1C23-49D1-B881-B0CC46CD3A80}.Release|Any CPU.ActiveCfg = Release|Any CPU
		{AA94DB14-1C23-49D1-B881-B0CC46CD3A80}.Release|Any CPU.Build.0 = Release|Any CPU
		{AA94DB14-1C23-49D1-B881-B0CC46CD3A80}.Release|ARM.ActiveCfg = Release|Any CPU
		{AA94DB14-1C23-49D1-B881-B0CC46CD3A80}.Release|ARM.Build.0 = Release|Any CPU
		{AA94DB14-1C23-49D1-B881-B0CC46CD3A80}.Release|ARM64.ActiveCfg = Release|Any CPU
		{AA94DB14-1C23-49D1-B881-B0CC46CD3A80}.Release|ARM64.Build.0 = Release|Any CPU
		{AA94DB14-1C23-49D1-B881-B0CC46CD3A80}.Release|iPhone.ActiveCfg = Release|Any CPU
		{AA94DB14-1C23-49D1-B881-B0CC46CD3A80}.Release|iPhone.Build.0 = Release|Any CPU
		{AA94DB14-1C23-49D1-B881-B0CC46CD3A80}.Release|iPhoneSimulator.ActiveCfg = Release|Any CPU
		{AA94DB14-1C23-49D1-B881-B0CC46CD3A80}.Release|iPhoneSimulator.Build.0 = Release|Any CPU
		{AA94DB14-1C23-49D1-B881-B0CC46CD3A80}.Release|x64.ActiveCfg = Release|Any CPU
		{AA94DB14-1C23-49D1-B881-B0CC46CD3A80}.Release|x64.Build.0 = Release|Any CPU
		{AA94DB14-1C23-49D1-B881-B0CC46CD3A80}.Release|x86.ActiveCfg = Release|Any CPU
		{AA94DB14-1C23-49D1-B881-B0CC46CD3A80}.Release|x86.Build.0 = Release|Any CPU
		{80FE57B6-5791-4F9A-ADB5-FF361FD50C93}.Ad-Hoc|Any CPU.ActiveCfg = Debug|Any CPU
		{80FE57B6-5791-4F9A-ADB5-FF361FD50C93}.Ad-Hoc|Any CPU.Build.0 = Debug|Any CPU
		{80FE57B6-5791-4F9A-ADB5-FF361FD50C93}.Ad-Hoc|ARM.ActiveCfg = Debug|Any CPU
		{80FE57B6-5791-4F9A-ADB5-FF361FD50C93}.Ad-Hoc|ARM.Build.0 = Debug|Any CPU
		{80FE57B6-5791-4F9A-ADB5-FF361FD50C93}.Ad-Hoc|ARM64.ActiveCfg = Debug|Any CPU
		{80FE57B6-5791-4F9A-ADB5-FF361FD50C93}.Ad-Hoc|ARM64.Build.0 = Debug|Any CPU
		{80FE57B6-5791-4F9A-ADB5-FF361FD50C93}.Ad-Hoc|iPhone.ActiveCfg = Debug|Any CPU
		{80FE57B6-5791-4F9A-ADB5-FF361FD50C93}.Ad-Hoc|iPhone.Build.0 = Debug|Any CPU
		{80FE57B6-5791-4F9A-ADB5-FF361FD50C93}.Ad-Hoc|iPhoneSimulator.ActiveCfg = Debug|Any CPU
		{80FE57B6-5791-4F9A-ADB5-FF361FD50C93}.Ad-Hoc|iPhoneSimulator.Build.0 = Debug|Any CPU
		{80FE57B6-5791-4F9A-ADB5-FF361FD50C93}.Ad-Hoc|x64.ActiveCfg = Debug|Any CPU
		{80FE57B6-5791-4F9A-ADB5-FF361FD50C93}.Ad-Hoc|x64.Build.0 = Debug|Any CPU
		{80FE57B6-5791-4F9A-ADB5-FF361FD50C93}.Ad-Hoc|x86.ActiveCfg = Debug|Any CPU
		{80FE57B6-5791-4F9A-ADB5-FF361FD50C93}.Ad-Hoc|x86.Build.0 = Debug|Any CPU
		{80FE57B6-5791-4F9A-ADB5-FF361FD50C93}.AppStore|Any CPU.ActiveCfg = Debug|Any CPU
		{80FE57B6-5791-4F9A-ADB5-FF361FD50C93}.AppStore|Any CPU.Build.0 = Debug|Any CPU
		{80FE57B6-5791-4F9A-ADB5-FF361FD50C93}.AppStore|ARM.ActiveCfg = Debug|Any CPU
		{80FE57B6-5791-4F9A-ADB5-FF361FD50C93}.AppStore|ARM.Build.0 = Debug|Any CPU
		{80FE57B6-5791-4F9A-ADB5-FF361FD50C93}.AppStore|ARM64.ActiveCfg = Debug|Any CPU
		{80FE57B6-5791-4F9A-ADB5-FF361FD50C93}.AppStore|ARM64.Build.0 = Debug|Any CPU
		{80FE57B6-5791-4F9A-ADB5-FF361FD50C93}.AppStore|iPhone.ActiveCfg = Debug|Any CPU
		{80FE57B6-5791-4F9A-ADB5-FF361FD50C93}.AppStore|iPhone.Build.0 = Debug|Any CPU
		{80FE57B6-5791-4F9A-ADB5-FF361FD50C93}.AppStore|iPhoneSimulator.ActiveCfg = Debug|Any CPU
		{80FE57B6-5791-4F9A-ADB5-FF361FD50C93}.AppStore|iPhoneSimulator.Build.0 = Debug|Any CPU
		{80FE57B6-5791-4F9A-ADB5-FF361FD50C93}.AppStore|x64.ActiveCfg = Debug|Any CPU
		{80FE57B6-5791-4F9A-ADB5-FF361FD50C93}.AppStore|x64.Build.0 = Debug|Any CPU
		{80FE57B6-5791-4F9A-ADB5-FF361FD50C93}.AppStore|x86.ActiveCfg = Debug|Any CPU
		{80FE57B6-5791-4F9A-ADB5-FF361FD50C93}.AppStore|x86.Build.0 = Debug|Any CPU
		{80FE57B6-5791-4F9A-ADB5-FF361FD50C93}.Debug|Any CPU.ActiveCfg = Debug|Any CPU
		{80FE57B6-5791-4F9A-ADB5-FF361FD50C93}.Debug|Any CPU.Build.0 = Debug|Any CPU
		{80FE57B6-5791-4F9A-ADB5-FF361FD50C93}.Debug|ARM.ActiveCfg = Debug|Any CPU
		{80FE57B6-5791-4F9A-ADB5-FF361FD50C93}.Debug|ARM.Build.0 = Debug|Any CPU
		{80FE57B6-5791-4F9A-ADB5-FF361FD50C93}.Debug|ARM64.ActiveCfg = Debug|Any CPU
		{80FE57B6-5791-4F9A-ADB5-FF361FD50C93}.Debug|ARM64.Build.0 = Debug|Any CPU
		{80FE57B6-5791-4F9A-ADB5-FF361FD50C93}.Debug|iPhone.ActiveCfg = Debug|Any CPU
		{80FE57B6-5791-4F9A-ADB5-FF361FD50C93}.Debug|iPhone.Build.0 = Debug|Any CPU
		{80FE57B6-5791-4F9A-ADB5-FF361FD50C93}.Debug|iPhoneSimulator.ActiveCfg = Debug|Any CPU
		{80FE57B6-5791-4F9A-ADB5-FF361FD50C93}.Debug|iPhoneSimulator.Build.0 = Debug|Any CPU
		{80FE57B6-5791-4F9A-ADB5-FF361FD50C93}.Debug|x64.ActiveCfg = Debug|Any CPU
		{80FE57B6-5791-4F9A-ADB5-FF361FD50C93}.Debug|x64.Build.0 = Debug|Any CPU
		{80FE57B6-5791-4F9A-ADB5-FF361FD50C93}.Debug|x86.ActiveCfg = Debug|Any CPU
		{80FE57B6-5791-4F9A-ADB5-FF361FD50C93}.Debug|x86.Build.0 = Debug|Any CPU
		{80FE57B6-5791-4F9A-ADB5-FF361FD50C93}.Release|Any CPU.ActiveCfg = Release|Any CPU
		{80FE57B6-5791-4F9A-ADB5-FF361FD50C93}.Release|Any CPU.Build.0 = Release|Any CPU
		{80FE57B6-5791-4F9A-ADB5-FF361FD50C93}.Release|ARM.ActiveCfg = Release|Any CPU
		{80FE57B6-5791-4F9A-ADB5-FF361FD50C93}.Release|ARM.Build.0 = Release|Any CPU
		{80FE57B6-5791-4F9A-ADB5-FF361FD50C93}.Release|ARM64.ActiveCfg = Release|Any CPU
		{80FE57B6-5791-4F9A-ADB5-FF361FD50C93}.Release|ARM64.Build.0 = Release|Any CPU
		{80FE57B6-5791-4F9A-ADB5-FF361FD50C93}.Release|iPhone.ActiveCfg = Release|Any CPU
		{80FE57B6-5791-4F9A-ADB5-FF361FD50C93}.Release|iPhone.Build.0 = Release|Any CPU
		{80FE57B6-5791-4F9A-ADB5-FF361FD50C93}.Release|iPhoneSimulator.ActiveCfg = Release|Any CPU
		{80FE57B6-5791-4F9A-ADB5-FF361FD50C93}.Release|iPhoneSimulator.Build.0 = Release|Any CPU
		{80FE57B6-5791-4F9A-ADB5-FF361FD50C93}.Release|x64.ActiveCfg = Release|Any CPU
		{80FE57B6-5791-4F9A-ADB5-FF361FD50C93}.Release|x64.Build.0 = Release|Any CPU
		{80FE57B6-5791-4F9A-ADB5-FF361FD50C93}.Release|x86.ActiveCfg = Release|Any CPU
		{80FE57B6-5791-4F9A-ADB5-FF361FD50C93}.Release|x86.Build.0 = Release|Any CPU
		{82A75BD5-8A0A-4B4A-B69B-E0E67C729983}.Ad-Hoc|Any CPU.ActiveCfg = Debug|Any CPU
		{82A75BD5-8A0A-4B4A-B69B-E0E67C729983}.Ad-Hoc|Any CPU.Build.0 = Debug|Any CPU
		{82A75BD5-8A0A-4B4A-B69B-E0E67C729983}.Ad-Hoc|ARM.ActiveCfg = Debug|Any CPU
		{82A75BD5-8A0A-4B4A-B69B-E0E67C729983}.Ad-Hoc|ARM.Build.0 = Debug|Any CPU
		{82A75BD5-8A0A-4B4A-B69B-E0E67C729983}.Ad-Hoc|ARM64.ActiveCfg = Debug|Any CPU
		{82A75BD5-8A0A-4B4A-B69B-E0E67C729983}.Ad-Hoc|ARM64.Build.0 = Debug|Any CPU
		{82A75BD5-8A0A-4B4A-B69B-E0E67C729983}.Ad-Hoc|iPhone.ActiveCfg = Debug|Any CPU
		{82A75BD5-8A0A-4B4A-B69B-E0E67C729983}.Ad-Hoc|iPhone.Build.0 = Debug|Any CPU
		{82A75BD5-8A0A-4B4A-B69B-E0E67C729983}.Ad-Hoc|iPhoneSimulator.ActiveCfg = Debug|Any CPU
		{82A75BD5-8A0A-4B4A-B69B-E0E67C729983}.Ad-Hoc|iPhoneSimulator.Build.0 = Debug|Any CPU
		{82A75BD5-8A0A-4B4A-B69B-E0E67C729983}.Ad-Hoc|x64.ActiveCfg = Debug|Any CPU
		{82A75BD5-8A0A-4B4A-B69B-E0E67C729983}.Ad-Hoc|x64.Build.0 = Debug|Any CPU
		{82A75BD5-8A0A-4B4A-B69B-E0E67C729983}.Ad-Hoc|x86.ActiveCfg = Debug|Any CPU
		{82A75BD5-8A0A-4B4A-B69B-E0E67C729983}.Ad-Hoc|x86.Build.0 = Debug|Any CPU
		{82A75BD5-8A0A-4B4A-B69B-E0E67C729983}.AppStore|Any CPU.ActiveCfg = Debug|Any CPU
		{82A75BD5-8A0A-4B4A-B69B-E0E67C729983}.AppStore|Any CPU.Build.0 = Debug|Any CPU
		{82A75BD5-8A0A-4B4A-B69B-E0E67C729983}.AppStore|ARM.ActiveCfg = Debug|Any CPU
		{82A75BD5-8A0A-4B4A-B69B-E0E67C729983}.AppStore|ARM.Build.0 = Debug|Any CPU
		{82A75BD5-8A0A-4B4A-B69B-E0E67C729983}.AppStore|ARM64.ActiveCfg = Debug|Any CPU
		{82A75BD5-8A0A-4B4A-B69B-E0E67C729983}.AppStore|ARM64.Build.0 = Debug|Any CPU
		{82A75BD5-8A0A-4B4A-B69B-E0E67C729983}.AppStore|iPhone.ActiveCfg = Debug|Any CPU
		{82A75BD5-8A0A-4B4A-B69B-E0E67C729983}.AppStore|iPhone.Build.0 = Debug|Any CPU
		{82A75BD5-8A0A-4B4A-B69B-E0E67C729983}.AppStore|iPhoneSimulator.ActiveCfg = Debug|Any CPU
		{82A75BD5-8A0A-4B4A-B69B-E0E67C729983}.AppStore|iPhoneSimulator.Build.0 = Debug|Any CPU
		{82A75BD5-8A0A-4B4A-B69B-E0E67C729983}.AppStore|x64.ActiveCfg = Debug|Any CPU
		{82A75BD5-8A0A-4B4A-B69B-E0E67C729983}.AppStore|x64.Build.0 = Debug|Any CPU
		{82A75BD5-8A0A-4B4A-B69B-E0E67C729983}.AppStore|x86.ActiveCfg = Debug|Any CPU
		{82A75BD5-8A0A-4B4A-B69B-E0E67C729983}.AppStore|x86.Build.0 = Debug|Any CPU
		{82A75BD5-8A0A-4B4A-B69B-E0E67C729983}.Debug|Any CPU.ActiveCfg = Debug|Any CPU
		{82A75BD5-8A0A-4B4A-B69B-E0E67C729983}.Debug|Any CPU.Build.0 = Debug|Any CPU
		{82A75BD5-8A0A-4B4A-B69B-E0E67C729983}.Debug|ARM.ActiveCfg = Debug|Any CPU
		{82A75BD5-8A0A-4B4A-B69B-E0E67C729983}.Debug|ARM.Build.0 = Debug|Any CPU
		{82A75BD5-8A0A-4B4A-B69B-E0E67C729983}.Debug|ARM64.ActiveCfg = Debug|Any CPU
		{82A75BD5-8A0A-4B4A-B69B-E0E67C729983}.Debug|ARM64.Build.0 = Debug|Any CPU
		{82A75BD5-8A0A-4B4A-B69B-E0E67C729983}.Debug|iPhone.ActiveCfg = Debug|Any CPU
		{82A75BD5-8A0A-4B4A-B69B-E0E67C729983}.Debug|iPhone.Build.0 = Debug|Any CPU
		{82A75BD5-8A0A-4B4A-B69B-E0E67C729983}.Debug|iPhoneSimulator.ActiveCfg = Debug|Any CPU
		{82A75BD5-8A0A-4B4A-B69B-E0E67C729983}.Debug|iPhoneSimulator.Build.0 = Debug|Any CPU
		{82A75BD5-8A0A-4B4A-B69B-E0E67C729983}.Debug|x64.ActiveCfg = Debug|Any CPU
		{82A75BD5-8A0A-4B4A-B69B-E0E67C729983}.Debug|x64.Build.0 = Debug|Any CPU
		{82A75BD5-8A0A-4B4A-B69B-E0E67C729983}.Debug|x86.ActiveCfg = Debug|Any CPU
		{82A75BD5-8A0A-4B4A-B69B-E0E67C729983}.Debug|x86.Build.0 = Debug|Any CPU
		{82A75BD5-8A0A-4B4A-B69B-E0E67C729983}.Release|Any CPU.ActiveCfg = Release|Any CPU
		{82A75BD5-8A0A-4B4A-B69B-E0E67C729983}.Release|Any CPU.Build.0 = Release|Any CPU
		{82A75BD5-8A0A-4B4A-B69B-E0E67C729983}.Release|ARM.ActiveCfg = Release|Any CPU
		{82A75BD5-8A0A-4B4A-B69B-E0E67C729983}.Release|ARM.Build.0 = Release|Any CPU
		{82A75BD5-8A0A-4B4A-B69B-E0E67C729983}.Release|ARM64.ActiveCfg = Release|Any CPU
		{82A75BD5-8A0A-4B4A-B69B-E0E67C729983}.Release|ARM64.Build.0 = Release|Any CPU
		{82A75BD5-8A0A-4B4A-B69B-E0E67C729983}.Release|iPhone.ActiveCfg = Release|Any CPU
		{82A75BD5-8A0A-4B4A-B69B-E0E67C729983}.Release|iPhone.Build.0 = Release|Any CPU
		{82A75BD5-8A0A-4B4A-B69B-E0E67C729983}.Release|iPhoneSimulator.ActiveCfg = Release|Any CPU
		{82A75BD5-8A0A-4B4A-B69B-E0E67C729983}.Release|iPhoneSimulator.Build.0 = Release|Any CPU
		{82A75BD5-8A0A-4B4A-B69B-E0E67C729983}.Release|x64.ActiveCfg = Release|Any CPU
		{82A75BD5-8A0A-4B4A-B69B-E0E67C729983}.Release|x64.Build.0 = Release|Any CPU
		{82A75BD5-8A0A-4B4A-B69B-E0E67C729983}.Release|x86.ActiveCfg = Release|Any CPU
		{82A75BD5-8A0A-4B4A-B69B-E0E67C729983}.Release|x86.Build.0 = Release|Any CPU
		{95217CE4-D8E8-4CAD-93EE-DAAD25EDC8A4}.Ad-Hoc|Any CPU.ActiveCfg = Debug|Any CPU
		{95217CE4-D8E8-4CAD-93EE-DAAD25EDC8A4}.Ad-Hoc|Any CPU.Build.0 = Debug|Any CPU
		{95217CE4-D8E8-4CAD-93EE-DAAD25EDC8A4}.Ad-Hoc|Any CPU.Deploy.0 = Debug|Any CPU
		{95217CE4-D8E8-4CAD-93EE-DAAD25EDC8A4}.Ad-Hoc|ARM.ActiveCfg = Debug|Any CPU
		{95217CE4-D8E8-4CAD-93EE-DAAD25EDC8A4}.Ad-Hoc|ARM.Build.0 = Debug|Any CPU
		{95217CE4-D8E8-4CAD-93EE-DAAD25EDC8A4}.Ad-Hoc|ARM.Deploy.0 = Debug|Any CPU
		{95217CE4-D8E8-4CAD-93EE-DAAD25EDC8A4}.Ad-Hoc|ARM64.ActiveCfg = Debug|Any CPU
		{95217CE4-D8E8-4CAD-93EE-DAAD25EDC8A4}.Ad-Hoc|ARM64.Build.0 = Debug|Any CPU
		{95217CE4-D8E8-4CAD-93EE-DAAD25EDC8A4}.Ad-Hoc|ARM64.Deploy.0 = Debug|Any CPU
		{95217CE4-D8E8-4CAD-93EE-DAAD25EDC8A4}.Ad-Hoc|iPhone.ActiveCfg = Debug|Any CPU
		{95217CE4-D8E8-4CAD-93EE-DAAD25EDC8A4}.Ad-Hoc|iPhone.Build.0 = Debug|Any CPU
		{95217CE4-D8E8-4CAD-93EE-DAAD25EDC8A4}.Ad-Hoc|iPhone.Deploy.0 = Debug|Any CPU
		{95217CE4-D8E8-4CAD-93EE-DAAD25EDC8A4}.Ad-Hoc|iPhoneSimulator.ActiveCfg = Debug|Any CPU
		{95217CE4-D8E8-4CAD-93EE-DAAD25EDC8A4}.Ad-Hoc|iPhoneSimulator.Build.0 = Debug|Any CPU
		{95217CE4-D8E8-4CAD-93EE-DAAD25EDC8A4}.Ad-Hoc|iPhoneSimulator.Deploy.0 = Debug|Any CPU
		{95217CE4-D8E8-4CAD-93EE-DAAD25EDC8A4}.Ad-Hoc|x64.ActiveCfg = Debug|Any CPU
		{95217CE4-D8E8-4CAD-93EE-DAAD25EDC8A4}.Ad-Hoc|x64.Build.0 = Debug|Any CPU
		{95217CE4-D8E8-4CAD-93EE-DAAD25EDC8A4}.Ad-Hoc|x64.Deploy.0 = Debug|Any CPU
		{95217CE4-D8E8-4CAD-93EE-DAAD25EDC8A4}.Ad-Hoc|x86.ActiveCfg = Debug|Any CPU
		{95217CE4-D8E8-4CAD-93EE-DAAD25EDC8A4}.Ad-Hoc|x86.Build.0 = Debug|Any CPU
		{95217CE4-D8E8-4CAD-93EE-DAAD25EDC8A4}.Ad-Hoc|x86.Deploy.0 = Debug|Any CPU
		{95217CE4-D8E8-4CAD-93EE-DAAD25EDC8A4}.AppStore|Any CPU.ActiveCfg = Debug|Any CPU
		{95217CE4-D8E8-4CAD-93EE-DAAD25EDC8A4}.AppStore|Any CPU.Build.0 = Debug|Any CPU
		{95217CE4-D8E8-4CAD-93EE-DAAD25EDC8A4}.AppStore|Any CPU.Deploy.0 = Debug|Any CPU
		{95217CE4-D8E8-4CAD-93EE-DAAD25EDC8A4}.AppStore|ARM.ActiveCfg = Debug|Any CPU
		{95217CE4-D8E8-4CAD-93EE-DAAD25EDC8A4}.AppStore|ARM.Build.0 = Debug|Any CPU
		{95217CE4-D8E8-4CAD-93EE-DAAD25EDC8A4}.AppStore|ARM.Deploy.0 = Debug|Any CPU
		{95217CE4-D8E8-4CAD-93EE-DAAD25EDC8A4}.AppStore|ARM64.ActiveCfg = Debug|Any CPU
		{95217CE4-D8E8-4CAD-93EE-DAAD25EDC8A4}.AppStore|ARM64.Build.0 = Debug|Any CPU
		{95217CE4-D8E8-4CAD-93EE-DAAD25EDC8A4}.AppStore|ARM64.Deploy.0 = Debug|Any CPU
		{95217CE4-D8E8-4CAD-93EE-DAAD25EDC8A4}.AppStore|iPhone.ActiveCfg = Debug|Any CPU
		{95217CE4-D8E8-4CAD-93EE-DAAD25EDC8A4}.AppStore|iPhone.Build.0 = Debug|Any CPU
		{95217CE4-D8E8-4CAD-93EE-DAAD25EDC8A4}.AppStore|iPhone.Deploy.0 = Debug|Any CPU
		{95217CE4-D8E8-4CAD-93EE-DAAD25EDC8A4}.AppStore|iPhoneSimulator.ActiveCfg = Debug|Any CPU
		{95217CE4-D8E8-4CAD-93EE-DAAD25EDC8A4}.AppStore|iPhoneSimulator.Build.0 = Debug|Any CPU
		{95217CE4-D8E8-4CAD-93EE-DAAD25EDC8A4}.AppStore|iPhoneSimulator.Deploy.0 = Debug|Any CPU
		{95217CE4-D8E8-4CAD-93EE-DAAD25EDC8A4}.AppStore|x64.ActiveCfg = Debug|Any CPU
		{95217CE4-D8E8-4CAD-93EE-DAAD25EDC8A4}.AppStore|x64.Build.0 = Debug|Any CPU
		{95217CE4-D8E8-4CAD-93EE-DAAD25EDC8A4}.AppStore|x64.Deploy.0 = Debug|Any CPU
		{95217CE4-D8E8-4CAD-93EE-DAAD25EDC8A4}.AppStore|x86.ActiveCfg = Debug|Any CPU
		{95217CE4-D8E8-4CAD-93EE-DAAD25EDC8A4}.AppStore|x86.Build.0 = Debug|Any CPU
		{95217CE4-D8E8-4CAD-93EE-DAAD25EDC8A4}.AppStore|x86.Deploy.0 = Debug|Any CPU
		{95217CE4-D8E8-4CAD-93EE-DAAD25EDC8A4}.Debug|Any CPU.ActiveCfg = Debug|Any CPU
		{95217CE4-D8E8-4CAD-93EE-DAAD25EDC8A4}.Debug|Any CPU.Build.0 = Debug|Any CPU
		{95217CE4-D8E8-4CAD-93EE-DAAD25EDC8A4}.Debug|Any CPU.Deploy.0 = Debug|Any CPU
		{95217CE4-D8E8-4CAD-93EE-DAAD25EDC8A4}.Debug|ARM.ActiveCfg = Debug|Any CPU
		{95217CE4-D8E8-4CAD-93EE-DAAD25EDC8A4}.Debug|ARM.Build.0 = Debug|Any CPU
		{95217CE4-D8E8-4CAD-93EE-DAAD25EDC8A4}.Debug|ARM.Deploy.0 = Debug|Any CPU
		{95217CE4-D8E8-4CAD-93EE-DAAD25EDC8A4}.Debug|ARM64.ActiveCfg = Debug|Any CPU
		{95217CE4-D8E8-4CAD-93EE-DAAD25EDC8A4}.Debug|ARM64.Build.0 = Debug|Any CPU
		{95217CE4-D8E8-4CAD-93EE-DAAD25EDC8A4}.Debug|ARM64.Deploy.0 = Debug|Any CPU
		{95217CE4-D8E8-4CAD-93EE-DAAD25EDC8A4}.Debug|iPhone.ActiveCfg = Debug|Any CPU
		{95217CE4-D8E8-4CAD-93EE-DAAD25EDC8A4}.Debug|iPhone.Build.0 = Debug|Any CPU
		{95217CE4-D8E8-4CAD-93EE-DAAD25EDC8A4}.Debug|iPhone.Deploy.0 = Debug|Any CPU
		{95217CE4-D8E8-4CAD-93EE-DAAD25EDC8A4}.Debug|iPhoneSimulator.ActiveCfg = Debug|Any CPU
		{95217CE4-D8E8-4CAD-93EE-DAAD25EDC8A4}.Debug|iPhoneSimulator.Build.0 = Debug|Any CPU
		{95217CE4-D8E8-4CAD-93EE-DAAD25EDC8A4}.Debug|iPhoneSimulator.Deploy.0 = Debug|Any CPU
		{95217CE4-D8E8-4CAD-93EE-DAAD25EDC8A4}.Debug|x64.ActiveCfg = Debug|Any CPU
		{95217CE4-D8E8-4CAD-93EE-DAAD25EDC8A4}.Debug|x64.Build.0 = Debug|Any CPU
		{95217CE4-D8E8-4CAD-93EE-DAAD25EDC8A4}.Debug|x64.Deploy.0 = Debug|Any CPU
		{95217CE4-D8E8-4CAD-93EE-DAAD25EDC8A4}.Debug|x86.ActiveCfg = Debug|Any CPU
		{95217CE4-D8E8-4CAD-93EE-DAAD25EDC8A4}.Debug|x86.Build.0 = Debug|Any CPU
		{95217CE4-D8E8-4CAD-93EE-DAAD25EDC8A4}.Debug|x86.Deploy.0 = Debug|Any CPU
		{95217CE4-D8E8-4CAD-93EE-DAAD25EDC8A4}.Release|Any CPU.ActiveCfg = Release|Any CPU
		{95217CE4-D8E8-4CAD-93EE-DAAD25EDC8A4}.Release|Any CPU.Build.0 = Release|Any CPU
		{95217CE4-D8E8-4CAD-93EE-DAAD25EDC8A4}.Release|Any CPU.Deploy.0 = Release|Any CPU
		{95217CE4-D8E8-4CAD-93EE-DAAD25EDC8A4}.Release|ARM.ActiveCfg = Release|Any CPU
		{95217CE4-D8E8-4CAD-93EE-DAAD25EDC8A4}.Release|ARM.Build.0 = Release|Any CPU
		{95217CE4-D8E8-4CAD-93EE-DAAD25EDC8A4}.Release|ARM.Deploy.0 = Release|Any CPU
		{95217CE4-D8E8-4CAD-93EE-DAAD25EDC8A4}.Release|ARM64.ActiveCfg = Release|Any CPU
		{95217CE4-D8E8-4CAD-93EE-DAAD25EDC8A4}.Release|ARM64.Build.0 = Release|Any CPU
		{95217CE4-D8E8-4CAD-93EE-DAAD25EDC8A4}.Release|ARM64.Deploy.0 = Release|Any CPU
		{95217CE4-D8E8-4CAD-93EE-DAAD25EDC8A4}.Release|iPhone.ActiveCfg = Release|Any CPU
		{95217CE4-D8E8-4CAD-93EE-DAAD25EDC8A4}.Release|iPhone.Build.0 = Release|Any CPU
		{95217CE4-D8E8-4CAD-93EE-DAAD25EDC8A4}.Release|iPhone.Deploy.0 = Release|Any CPU
		{95217CE4-D8E8-4CAD-93EE-DAAD25EDC8A4}.Release|iPhoneSimulator.ActiveCfg = Release|Any CPU
		{95217CE4-D8E8-4CAD-93EE-DAAD25EDC8A4}.Release|iPhoneSimulator.Build.0 = Release|Any CPU
		{95217CE4-D8E8-4CAD-93EE-DAAD25EDC8A4}.Release|iPhoneSimulator.Deploy.0 = Release|Any CPU
		{95217CE4-D8E8-4CAD-93EE-DAAD25EDC8A4}.Release|x64.ActiveCfg = Release|Any CPU
		{95217CE4-D8E8-4CAD-93EE-DAAD25EDC8A4}.Release|x64.Build.0 = Release|Any CPU
		{95217CE4-D8E8-4CAD-93EE-DAAD25EDC8A4}.Release|x64.Deploy.0 = Release|Any CPU
		{95217CE4-D8E8-4CAD-93EE-DAAD25EDC8A4}.Release|x86.ActiveCfg = Release|Any CPU
		{95217CE4-D8E8-4CAD-93EE-DAAD25EDC8A4}.Release|x86.Build.0 = Release|Any CPU
		{95217CE4-D8E8-4CAD-93EE-DAAD25EDC8A4}.Release|x86.Deploy.0 = Release|Any CPU
		{19422A96-AAE8-4C4B-A9E2-B24C8312DD7B}.Ad-Hoc|Any CPU.ActiveCfg = Debug|iPhoneSimulator
		{19422A96-AAE8-4C4B-A9E2-B24C8312DD7B}.Ad-Hoc|Any CPU.Build.0 = Debug|iPhoneSimulator
		{19422A96-AAE8-4C4B-A9E2-B24C8312DD7B}.Ad-Hoc|ARM.ActiveCfg = Debug|iPhoneSimulator
		{19422A96-AAE8-4C4B-A9E2-B24C8312DD7B}.Ad-Hoc|ARM.Build.0 = Debug|iPhoneSimulator
		{19422A96-AAE8-4C4B-A9E2-B24C8312DD7B}.Ad-Hoc|ARM64.ActiveCfg = Debug|iPhoneSimulator
		{19422A96-AAE8-4C4B-A9E2-B24C8312DD7B}.Ad-Hoc|ARM64.Build.0 = Debug|iPhoneSimulator
		{19422A96-AAE8-4C4B-A9E2-B24C8312DD7B}.Ad-Hoc|iPhone.ActiveCfg = Debug|iPhone
		{19422A96-AAE8-4C4B-A9E2-B24C8312DD7B}.Ad-Hoc|iPhone.Build.0 = Debug|iPhone
		{19422A96-AAE8-4C4B-A9E2-B24C8312DD7B}.Ad-Hoc|iPhoneSimulator.ActiveCfg = Debug|iPhoneSimulator
		{19422A96-AAE8-4C4B-A9E2-B24C8312DD7B}.Ad-Hoc|iPhoneSimulator.Build.0 = Debug|iPhoneSimulator
		{19422A96-AAE8-4C4B-A9E2-B24C8312DD7B}.Ad-Hoc|x64.ActiveCfg = Debug|iPhoneSimulator
		{19422A96-AAE8-4C4B-A9E2-B24C8312DD7B}.Ad-Hoc|x64.Build.0 = Debug|iPhoneSimulator
		{19422A96-AAE8-4C4B-A9E2-B24C8312DD7B}.Ad-Hoc|x86.ActiveCfg = Debug|iPhoneSimulator
		{19422A96-AAE8-4C4B-A9E2-B24C8312DD7B}.Ad-Hoc|x86.Build.0 = Debug|iPhoneSimulator
		{19422A96-AAE8-4C4B-A9E2-B24C8312DD7B}.AppStore|Any CPU.ActiveCfg = Debug|iPhoneSimulator
		{19422A96-AAE8-4C4B-A9E2-B24C8312DD7B}.AppStore|Any CPU.Build.0 = Debug|iPhoneSimulator
		{19422A96-AAE8-4C4B-A9E2-B24C8312DD7B}.AppStore|ARM.ActiveCfg = Debug|iPhoneSimulator
		{19422A96-AAE8-4C4B-A9E2-B24C8312DD7B}.AppStore|ARM.Build.0 = Debug|iPhoneSimulator
		{19422A96-AAE8-4C4B-A9E2-B24C8312DD7B}.AppStore|ARM64.ActiveCfg = Debug|iPhoneSimulator
		{19422A96-AAE8-4C4B-A9E2-B24C8312DD7B}.AppStore|ARM64.Build.0 = Debug|iPhoneSimulator
		{19422A96-AAE8-4C4B-A9E2-B24C8312DD7B}.AppStore|iPhone.ActiveCfg = Debug|iPhone
		{19422A96-AAE8-4C4B-A9E2-B24C8312DD7B}.AppStore|iPhone.Build.0 = Debug|iPhone
		{19422A96-AAE8-4C4B-A9E2-B24C8312DD7B}.AppStore|iPhoneSimulator.ActiveCfg = Debug|iPhoneSimulator
		{19422A96-AAE8-4C4B-A9E2-B24C8312DD7B}.AppStore|iPhoneSimulator.Build.0 = Debug|iPhoneSimulator
		{19422A96-AAE8-4C4B-A9E2-B24C8312DD7B}.AppStore|x64.ActiveCfg = Debug|iPhoneSimulator
		{19422A96-AAE8-4C4B-A9E2-B24C8312DD7B}.AppStore|x64.Build.0 = Debug|iPhoneSimulator
		{19422A96-AAE8-4C4B-A9E2-B24C8312DD7B}.AppStore|x86.ActiveCfg = Debug|iPhoneSimulator
		{19422A96-AAE8-4C4B-A9E2-B24C8312DD7B}.AppStore|x86.Build.0 = Debug|iPhoneSimulator
		{19422A96-AAE8-4C4B-A9E2-B24C8312DD7B}.Debug|Any CPU.ActiveCfg = Debug|iPhoneSimulator
		{19422A96-AAE8-4C4B-A9E2-B24C8312DD7B}.Debug|ARM.ActiveCfg = Debug|iPhoneSimulator
		{19422A96-AAE8-4C4B-A9E2-B24C8312DD7B}.Debug|ARM64.ActiveCfg = Debug|iPhoneSimulator
		{19422A96-AAE8-4C4B-A9E2-B24C8312DD7B}.Debug|iPhone.ActiveCfg = Debug|iPhone
		{19422A96-AAE8-4C4B-A9E2-B24C8312DD7B}.Debug|iPhone.Build.0 = Debug|iPhone
		{19422A96-AAE8-4C4B-A9E2-B24C8312DD7B}.Debug|iPhoneSimulator.ActiveCfg = Debug|iPhoneSimulator
		{19422A96-AAE8-4C4B-A9E2-B24C8312DD7B}.Debug|iPhoneSimulator.Build.0 = Debug|iPhoneSimulator
		{19422A96-AAE8-4C4B-A9E2-B24C8312DD7B}.Debug|x64.ActiveCfg = Debug|iPhoneSimulator
		{19422A96-AAE8-4C4B-A9E2-B24C8312DD7B}.Debug|x86.ActiveCfg = Debug|iPhoneSimulator
		{19422A96-AAE8-4C4B-A9E2-B24C8312DD7B}.Release|Any CPU.ActiveCfg = Release|iPhoneSimulator
		{19422A96-AAE8-4C4B-A9E2-B24C8312DD7B}.Release|ARM.ActiveCfg = Release|iPhoneSimulator
		{19422A96-AAE8-4C4B-A9E2-B24C8312DD7B}.Release|ARM64.ActiveCfg = Release|iPhoneSimulator
		{19422A96-AAE8-4C4B-A9E2-B24C8312DD7B}.Release|iPhone.ActiveCfg = Release|iPhone
		{19422A96-AAE8-4C4B-A9E2-B24C8312DD7B}.Release|iPhone.Build.0 = Release|iPhone
		{19422A96-AAE8-4C4B-A9E2-B24C8312DD7B}.Release|iPhoneSimulator.ActiveCfg = Release|iPhoneSimulator
		{19422A96-AAE8-4C4B-A9E2-B24C8312DD7B}.Release|iPhoneSimulator.Build.0 = Release|iPhoneSimulator
		{19422A96-AAE8-4C4B-A9E2-B24C8312DD7B}.Release|x64.ActiveCfg = Release|iPhoneSimulator
		{19422A96-AAE8-4C4B-A9E2-B24C8312DD7B}.Release|x86.ActiveCfg = Release|iPhoneSimulator
		{DDEACA86-DC0D-4868-936C-67D06064B040}.Ad-Hoc|Any CPU.ActiveCfg = Debug|Any CPU
		{DDEACA86-DC0D-4868-936C-67D06064B040}.Ad-Hoc|Any CPU.Build.0 = Debug|Any CPU
		{DDEACA86-DC0D-4868-936C-67D06064B040}.Ad-Hoc|ARM.ActiveCfg = Debug|Any CPU
		{DDEACA86-DC0D-4868-936C-67D06064B040}.Ad-Hoc|ARM.Build.0 = Debug|Any CPU
		{DDEACA86-DC0D-4868-936C-67D06064B040}.Ad-Hoc|ARM64.ActiveCfg = Debug|Any CPU
		{DDEACA86-DC0D-4868-936C-67D06064B040}.Ad-Hoc|ARM64.Build.0 = Debug|Any CPU
		{DDEACA86-DC0D-4868-936C-67D06064B040}.Ad-Hoc|iPhone.ActiveCfg = Debug|Any CPU
		{DDEACA86-DC0D-4868-936C-67D06064B040}.Ad-Hoc|iPhone.Build.0 = Debug|Any CPU
		{DDEACA86-DC0D-4868-936C-67D06064B040}.Ad-Hoc|iPhoneSimulator.ActiveCfg = Debug|Any CPU
		{DDEACA86-DC0D-4868-936C-67D06064B040}.Ad-Hoc|iPhoneSimulator.Build.0 = Debug|Any CPU
		{DDEACA86-DC0D-4868-936C-67D06064B040}.Ad-Hoc|x64.ActiveCfg = Debug|Any CPU
		{DDEACA86-DC0D-4868-936C-67D06064B040}.Ad-Hoc|x64.Build.0 = Debug|Any CPU
		{DDEACA86-DC0D-4868-936C-67D06064B040}.Ad-Hoc|x86.ActiveCfg = Debug|Any CPU
		{DDEACA86-DC0D-4868-936C-67D06064B040}.Ad-Hoc|x86.Build.0 = Debug|Any CPU
		{DDEACA86-DC0D-4868-936C-67D06064B040}.AppStore|Any CPU.ActiveCfg = Debug|Any CPU
		{DDEACA86-DC0D-4868-936C-67D06064B040}.AppStore|Any CPU.Build.0 = Debug|Any CPU
		{DDEACA86-DC0D-4868-936C-67D06064B040}.AppStore|ARM.ActiveCfg = Debug|Any CPU
		{DDEACA86-DC0D-4868-936C-67D06064B040}.AppStore|ARM.Build.0 = Debug|Any CPU
		{DDEACA86-DC0D-4868-936C-67D06064B040}.AppStore|ARM64.ActiveCfg = Debug|Any CPU
		{DDEACA86-DC0D-4868-936C-67D06064B040}.AppStore|ARM64.Build.0 = Debug|Any CPU
		{DDEACA86-DC0D-4868-936C-67D06064B040}.AppStore|iPhone.ActiveCfg = Debug|Any CPU
		{DDEACA86-DC0D-4868-936C-67D06064B040}.AppStore|iPhone.Build.0 = Debug|Any CPU
		{DDEACA86-DC0D-4868-936C-67D06064B040}.AppStore|iPhoneSimulator.ActiveCfg = Debug|Any CPU
		{DDEACA86-DC0D-4868-936C-67D06064B040}.AppStore|iPhoneSimulator.Build.0 = Debug|Any CPU
		{DDEACA86-DC0D-4868-936C-67D06064B040}.AppStore|x64.ActiveCfg = Debug|Any CPU
		{DDEACA86-DC0D-4868-936C-67D06064B040}.AppStore|x64.Build.0 = Debug|Any CPU
		{DDEACA86-DC0D-4868-936C-67D06064B040}.AppStore|x86.ActiveCfg = Debug|Any CPU
		{DDEACA86-DC0D-4868-936C-67D06064B040}.AppStore|x86.Build.0 = Debug|Any CPU
		{DDEACA86-DC0D-4868-936C-67D06064B040}.Debug|Any CPU.ActiveCfg = Debug|Any CPU
		{DDEACA86-DC0D-4868-936C-67D06064B040}.Debug|Any CPU.Build.0 = Debug|Any CPU
		{DDEACA86-DC0D-4868-936C-67D06064B040}.Debug|ARM.ActiveCfg = Debug|Any CPU
		{DDEACA86-DC0D-4868-936C-67D06064B040}.Debug|ARM.Build.0 = Debug|Any CPU
		{DDEACA86-DC0D-4868-936C-67D06064B040}.Debug|ARM64.ActiveCfg = Debug|Any CPU
		{DDEACA86-DC0D-4868-936C-67D06064B040}.Debug|ARM64.Build.0 = Debug|Any CPU
		{DDEACA86-DC0D-4868-936C-67D06064B040}.Debug|iPhone.ActiveCfg = Debug|Any CPU
		{DDEACA86-DC0D-4868-936C-67D06064B040}.Debug|iPhone.Build.0 = Debug|Any CPU
		{DDEACA86-DC0D-4868-936C-67D06064B040}.Debug|iPhoneSimulator.ActiveCfg = Debug|Any CPU
		{DDEACA86-DC0D-4868-936C-67D06064B040}.Debug|iPhoneSimulator.Build.0 = Debug|Any CPU
		{DDEACA86-DC0D-4868-936C-67D06064B040}.Debug|x64.ActiveCfg = Debug|Any CPU
		{DDEACA86-DC0D-4868-936C-67D06064B040}.Debug|x64.Build.0 = Debug|Any CPU
		{DDEACA86-DC0D-4868-936C-67D06064B040}.Debug|x86.ActiveCfg = Debug|Any CPU
		{DDEACA86-DC0D-4868-936C-67D06064B040}.Debug|x86.Build.0 = Debug|Any CPU
		{DDEACA86-DC0D-4868-936C-67D06064B040}.Release|Any CPU.ActiveCfg = Release|Any CPU
		{DDEACA86-DC0D-4868-936C-67D06064B040}.Release|Any CPU.Build.0 = Release|Any CPU
		{DDEACA86-DC0D-4868-936C-67D06064B040}.Release|ARM.ActiveCfg = Release|Any CPU
		{DDEACA86-DC0D-4868-936C-67D06064B040}.Release|ARM.Build.0 = Release|Any CPU
		{DDEACA86-DC0D-4868-936C-67D06064B040}.Release|ARM64.ActiveCfg = Release|Any CPU
		{DDEACA86-DC0D-4868-936C-67D06064B040}.Release|ARM64.Build.0 = Release|Any CPU
		{DDEACA86-DC0D-4868-936C-67D06064B040}.Release|iPhone.ActiveCfg = Release|Any CPU
		{DDEACA86-DC0D-4868-936C-67D06064B040}.Release|iPhone.Build.0 = Release|Any CPU
		{DDEACA86-DC0D-4868-936C-67D06064B040}.Release|iPhoneSimulator.ActiveCfg = Release|Any CPU
		{DDEACA86-DC0D-4868-936C-67D06064B040}.Release|iPhoneSimulator.Build.0 = Release|Any CPU
		{DDEACA86-DC0D-4868-936C-67D06064B040}.Release|x64.ActiveCfg = Release|Any CPU
		{DDEACA86-DC0D-4868-936C-67D06064B040}.Release|x64.Build.0 = Release|Any CPU
		{DDEACA86-DC0D-4868-936C-67D06064B040}.Release|x86.ActiveCfg = Release|Any CPU
		{DDEACA86-DC0D-4868-936C-67D06064B040}.Release|x86.Build.0 = Release|Any CPU
	EndGlobalSection
	GlobalSection(SolutionProperties) = preSolution
		HideSolutionNode = FALSE
	EndGlobalSection
	GlobalSection(ExtensibilityGlobals) = postSolution
		SolutionGuid = {5CE6BEDB-27F9-4DDD-902E-C3FB2D5CC5CD}
	EndGlobalSection
EndGlobal
